// !$*UTF8*$!
{
	archiveVersion = 1;
	classes = {
	};
	objectVersion = 46;
	objects = {

/* Begin PBXBuildFile section */
		2B0D3BCA1ED53F33008FFC17 /* icons8-info@2x.png in Resources */ = {isa = PBXBuildFile; fileRef = 2B0D3BBF1ED53F33008FFC17 /* icons8-info@2x.png */; };
		2B0D3BCB1ED53F33008FFC17 /* icons8-menu@2x.png in Resources */ = {isa = PBXBuildFile; fileRef = 2B0D3BC01ED53F33008FFC17 /* icons8-menu@2x.png */; };
		2B0D3BCC1ED53F33008FFC17 /* icons8-search@2x.png in Resources */ = {isa = PBXBuildFile; fileRef = 2B0D3BC11ED53F33008FFC17 /* icons8-search@2x.png */; };
		2B0D3BCD1ED53F33008FFC17 /* icons8-settings@2x.png in Resources */ = {isa = PBXBuildFile; fileRef = 2B0D3BC21ED53F33008FFC17 /* icons8-settings@2x.png */; };
		2B0D3BCE1ED53F33008FFC17 /* icons8-settings_filled@2x.png in Resources */ = {isa = PBXBuildFile; fileRef = 2B0D3BC31ED53F33008FFC17 /* icons8-settings_filled@2x.png */; };
		2B0D3BD71ED544BD008FFC17 /* SettingViewController.m in Sources */ = {isa = PBXBuildFile; fileRef = 2B0D3BD51ED544BD008FFC17 /* SettingViewController.m */; };
		2B0D3BD81ED544BD008FFC17 /* SettingViewController.xib in Resources */ = {isa = PBXBuildFile; fileRef = 2B0D3BD61ED544BD008FFC17 /* SettingViewController.xib */; };
		2B0D3BDC1ED544E6008FFC17 /* CategoryListViewController.m in Sources */ = {isa = PBXBuildFile; fileRef = 2B0D3BDA1ED544E6008FFC17 /* CategoryListViewController.m */; };
		2B0D3BDD1ED544E6008FFC17 /* CategoryListViewController.xib in Resources */ = {isa = PBXBuildFile; fileRef = 2B0D3BDB1ED544E6008FFC17 /* CategoryListViewController.xib */; };
		2B23AF541EF22A33007EF22A /* YTItem.m in Sources */ = {isa = PBXBuildFile; fileRef = 2B23AF4B1EF22A33007EF22A /* YTItem.m */; };
		2B23AF551EF22A33007EF22A /* YTPlaylistItem.m in Sources */ = {isa = PBXBuildFile; fileRef = 2B23AF4D1EF22A33007EF22A /* YTPlaylistItem.m */; };
		2B23AF561EF22A33007EF22A /* YTSearchItem.m in Sources */ = {isa = PBXBuildFile; fileRef = 2B23AF4F1EF22A33007EF22A /* YTSearchItem.m */; };
		2B23AF571EF22A33007EF22A /* YTSnippetItem.m in Sources */ = {isa = PBXBuildFile; fileRef = 2B23AF511EF22A33007EF22A /* YTSnippetItem.m */; };
		2B23AF5F1EF22A75007EF22A /* YouTubeAPIHelper.m in Sources */ = {isa = PBXBuildFile; fileRef = 2B23AF5A1EF22A75007EF22A /* YouTubeAPIHelper.m */; };
		2B23AF601EF22A75007EF22A /* YoutubeSearchContants.m in Sources */ = {isa = PBXBuildFile; fileRef = 2B23AF5C1EF22A75007EF22A /* YoutubeSearchContants.m */; };
		2B23AF641EF24106007EF22A /* YTTableViewCell.m in Sources */ = {isa = PBXBuildFile; fileRef = 2B23AF631EF24106007EF22A /* YTTableViewCell.m */; };
		2B23AF661EF24F7B007EF22A /* YTTableViewCell.xib in Resources */ = {isa = PBXBuildFile; fileRef = 2B23AF651EF24F7B007EF22A /* YTTableViewCell.xib */; };
		2B2702A51F0F831E000AF6B6 /* boot_mod.json in Resources */ = {isa = PBXBuildFile; fileRef = 2B2702A41F0F831E000AF6B6 /* boot_mod.json */; };
		2B35CD261EF11AF700584B78 /* VideoListTableViewController.m in Sources */ = {isa = PBXBuildFile; fileRef = 2B35CD251EF11AF700584B78 /* VideoListTableViewController.m */; };
		2B3D291F1EF3912A00368116 /* icons8-navigation-Logo@2x.png in Resources */ = {isa = PBXBuildFile; fileRef = 2B3D291E1EF3912A00368116 /* icons8-navigation-Logo@2x.png */; };
		2B4BFAC41F0DC9E2001A9AE2 /* iAd.framework in Frameworks */ = {isa = PBXBuildFile; fileRef = 2B4BFAC31F0DC9E2001A9AE2 /* iAd.framework */; };
		2B540C351ED272A2000A9879 /* main.m in Sources */ = {isa = PBXBuildFile; fileRef = 2B540C341ED272A2000A9879 /* main.m */; };
		2B540C381ED272A2000A9879 /* AppDelegate.m in Sources */ = {isa = PBXBuildFile; fileRef = 2B540C371ED272A2000A9879 /* AppDelegate.m */; };
		2B540C3E1ED272A2000A9879 /* Main.storyboard in Resources */ = {isa = PBXBuildFile; fileRef = 2B540C3C1ED272A2000A9879 /* Main.storyboard */; };
		2B540C431ED272A2000A9879 /* LaunchScreen.storyboard in Resources */ = {isa = PBXBuildFile; fileRef = 2B540C411ED272A2000A9879 /* LaunchScreen.storyboard */; };
		2B5508A41EF66AE500ABB6BC /* KPDropMenu.m in Sources */ = {isa = PBXBuildFile; fileRef = 2B5508A31EF66AE500ABB6BC /* KPDropMenu.m */; };
		2B5BF3A41F03A9F400160D7B /* UIView_Custom.m in Sources */ = {isa = PBXBuildFile; fileRef = 2B5BF3A31F03A9F400160D7B /* UIView_Custom.m */; };
		2B5F00521EFCACD400CD4CE9 /* TribeCollectionViewController.m in Sources */ = {isa = PBXBuildFile; fileRef = 2B5F00501EFCACD400CD4CE9 /* TribeCollectionViewController.m */; };
		2B5F00531EFCACD400CD4CE9 /* TribeCollectionViewController.xib in Resources */ = {isa = PBXBuildFile; fileRef = 2B5F00511EFCACD400CD4CE9 /* TribeCollectionViewController.xib */; };
		2B5F00581EFCAD4F00CD4CE9 /* TribeCollectionViewCell.m in Sources */ = {isa = PBXBuildFile; fileRef = 2B5F00561EFCAD4F00CD4CE9 /* TribeCollectionViewCell.m */; };
		2B5F00591EFCAD4F00CD4CE9 /* TribeCollectionViewCell.xib in Resources */ = {isa = PBXBuildFile; fileRef = 2B5F00571EFCAD4F00CD4CE9 /* TribeCollectionViewCell.xib */; };
		2B6534171F27128600B725A4 /* icons8-bookmark_ribbon_filled@2x.png in Resources */ = {isa = PBXBuildFile; fileRef = 2B6534161F27128600B725A4 /* icons8-bookmark_ribbon_filled@2x.png */; };
		2B65341C1F2722AE00B725A4 /* FavoriteListViewController.m in Sources */ = {isa = PBXBuildFile; fileRef = 2B65341A1F2722AE00B725A4 /* FavoriteListViewController.m */; };
		2B65341D1F2722AE00B725A4 /* FavoriteListViewController.xib in Resources */ = {isa = PBXBuildFile; fileRef = 2B65341B1F2722AE00B725A4 /* FavoriteListViewController.xib */; };
		2B660E1D1EDFA8DF000FC747 /* MPMoviePlayerController+BackgroundPlayback.m in Sources */ = {isa = PBXBuildFile; fileRef = 2B660E1C1EDFA8DF000FC747 /* MPMoviePlayerController+BackgroundPlayback.m */; };
		2B7BB3B61ED3D7CE00913D5C /* GoogleService-Info.plist in Resources */ = {isa = PBXBuildFile; fileRef = 2B7BB3B51ED3D7CE00913D5C /* GoogleService-Info.plist */; };
		2B80DD1C1F03433900D45D0A /* CommonWebViewController.m in Sources */ = {isa = PBXBuildFile; fileRef = 2B80DD1A1F03433900D45D0A /* CommonWebViewController.m */; };
		2B80DD1D1F03433900D45D0A /* CommonWebViewController.xib in Resources */ = {isa = PBXBuildFile; fileRef = 2B80DD1B1F03433900D45D0A /* CommonWebViewController.xib */; };
		2B8416BE1F206DB800474029 /* Assets.xcassets in Resources */ = {isa = PBXBuildFile; fileRef = 2B8416BD1F206DB800474029 /* Assets.xcassets */; };
		2BA20DBE1ED2B3AB00205FCA /* GAManager.m in Sources */ = {isa = PBXBuildFile; fileRef = 2BA20DBD1ED2B3AB00205FCA /* GAManager.m */; };
		2BA20E091ED2B41900205FCA /* NSArray+Additions.m in Sources */ = {isa = PBXBuildFile; fileRef = 2BA20DC21ED2B41900205FCA /* NSArray+Additions.m */; };
		2BA20E0A1ED2B41900205FCA /* NSDate+Additions.m in Sources */ = {isa = PBXBuildFile; fileRef = 2BA20DC41ED2B41900205FCA /* NSDate+Additions.m */; };
		2BA20E0B1ED2B41900205FCA /* NSDictionary+Additions.m in Sources */ = {isa = PBXBuildFile; fileRef = 2BA20DC61ED2B41900205FCA /* NSDictionary+Additions.m */; };
		2BA20E0C1ED2B41900205FCA /* NSMutableArray+Additions.m in Sources */ = {isa = PBXBuildFile; fileRef = 2BA20DC81ED2B41900205FCA /* NSMutableArray+Additions.m */; };
		2BA20E0D1ED2B41900205FCA /* NSMutableDictionary+Additions.m in Sources */ = {isa = PBXBuildFile; fileRef = 2BA20DCA1ED2B41900205FCA /* NSMutableDictionary+Additions.m */; };
		2BA20E0E1ED2B41900205FCA /* NSNumber+Additions.m in Sources */ = {isa = PBXBuildFile; fileRef = 2BA20DCC1ED2B41900205FCA /* NSNumber+Additions.m */; };
		2BA20E0F1ED2B41900205FCA /* NSObject+Additions.m in Sources */ = {isa = PBXBuildFile; fileRef = 2BA20DCE1ED2B41900205FCA /* NSObject+Additions.m */; };
		2BA20E101ED2B41900205FCA /* NSString+Additions.m in Sources */ = {isa = PBXBuildFile; fileRef = 2BA20DD01ED2B41900205FCA /* NSString+Additions.m */; };
		2BA20E111ED2B41900205FCA /* UIAlertView+Additions.m in Sources */ = {isa = PBXBuildFile; fileRef = 2BA20DD21ED2B41900205FCA /* UIAlertView+Additions.m */; };
		2BA20E121ED2B41900205FCA /* UIApplication+Additions.m in Sources */ = {isa = PBXBuildFile; fileRef = 2BA20DD41ED2B41900205FCA /* UIApplication+Additions.m */; };
		2BA20E131ED2B41900205FCA /* UIColor+Additions.m in Sources */ = {isa = PBXBuildFile; fileRef = 2BA20DD61ED2B41900205FCA /* UIColor+Additions.m */; };
		2BA20E141ED2B41900205FCA /* UIButton+Additions.m in Sources */ = {isa = PBXBuildFile; fileRef = 2BA20DDA1ED2B41900205FCA /* UIButton+Additions.m */; };
		2BA20E151ED2B41900205FCA /* UIButton+Animation.m in Sources */ = {isa = PBXBuildFile; fileRef = 2BA20DDC1ED2B41900205FCA /* UIButton+Animation.m */; };
		2BA20E161ED2B41900205FCA /* UIImageView+Additions.m in Sources */ = {isa = PBXBuildFile; fileRef = 2BA20DDE1ED2B41900205FCA /* UIImageView+Additions.m */; };
		2BA20E171ED2B41900205FCA /* UIScreen+Additions.m in Sources */ = {isa = PBXBuildFile; fileRef = 2BA20DE01ED2B41900205FCA /* UIScreen+Additions.m */; };
		2BA20E181ED2B41900205FCA /* UIScrollView+Additions.m in Sources */ = {isa = PBXBuildFile; fileRef = 2BA20DE21ED2B41900205FCA /* UIScrollView+Additions.m */; };
		2BA20E191ED2B41900205FCA /* UIView+Additions.m in Sources */ = {isa = PBXBuildFile; fileRef = 2BA20DE41ED2B41900205FCA /* UIView+Additions.m */; };
		2BA20E1A1ED2B41900205FCA /* UIView+Animations.m in Sources */ = {isa = PBXBuildFile; fileRef = 2BA20DE61ED2B41900205FCA /* UIView+Animations.m */; };
		2BA20E201ED2B41900205FCA /* AESCrypt.m in Sources */ = {isa = PBXBuildFile; fileRef = 2BA20DF71ED2B41900205FCA /* AESCrypt.m */; };
		2BA20E211ED2B41900205FCA /* NSData+Base64.m in Sources */ = {isa = PBXBuildFile; fileRef = 2BA20DF91ED2B41900205FCA /* NSData+Base64.m */; };
		2BA20E221ED2B41900205FCA /* NSData+CommonCrypto.m in Sources */ = {isa = PBXBuildFile; fileRef = 2BA20DFB1ED2B41900205FCA /* NSData+CommonCrypto.m */; };
		2BA20E231ED2B41900205FCA /* NSString+Base64.m in Sources */ = {isa = PBXBuildFile; fileRef = 2BA20DFD1ED2B41900205FCA /* NSString+Base64.m */; };
		2BAE29E61EFA64BC0018B0D0 /* expandableImage.png in Resources */ = {isa = PBXBuildFile; fileRef = 2BAE29DE1EFA64BC0018B0D0 /* expandableImage.png */; };
		2BAE29E71EFA64BC0018B0D0 /* expandableImage@2x.png in Resources */ = {isa = PBXBuildFile; fileRef = 2BAE29DF1EFA64BC0018B0D0 /* expandableImage@2x.png */; };
		2BAE29E81EFA64BC0018B0D0 /* SKSTableView.m in Sources */ = {isa = PBXBuildFile; fileRef = 2BAE29E11EFA64BC0018B0D0 /* SKSTableView.m */; };
		2BAE29E91EFA64BC0018B0D0 /* SKSTableViewCell.m in Sources */ = {isa = PBXBuildFile; fileRef = 2BAE29E31EFA64BC0018B0D0 /* SKSTableViewCell.m */; };
		2BAE29EA1EFA64BC0018B0D0 /* SKSTableViewCellIndicator.m in Sources */ = {isa = PBXBuildFile; fileRef = 2BAE29E51EFA64BC0018B0D0 /* SKSTableViewCellIndicator.m */; };
		2BBEC3871F04967E0006F738 /* YTContentDetailsItem.m in Sources */ = {isa = PBXBuildFile; fileRef = 2BBEC3861F04967E0006F738 /* YTContentDetailsItem.m */; };
		2BD0C0241F18B82600666174 /* Localizable.strings in Resources */ = {isa = PBXBuildFile; fileRef = 2BD0C0221F18B82600666174 /* Localizable.strings */; };
		2BD4FB7F1EF372F40083143A /* icons8-logo@2x.png in Resources */ = {isa = PBXBuildFile; fileRef = 2BD4FB7E1EF372F40083143A /* icons8-logo@2x.png */; };
		2BDF203E1ED558CE0078952D /* YoutubeListViewController.m in Sources */ = {isa = PBXBuildFile; fileRef = 2BDF203C1ED558CE0078952D /* YoutubeListViewController.m */; };
		2BDF203F1ED558CE0078952D /* YoutubeListViewController.xib in Resources */ = {isa = PBXBuildFile; fileRef = 2BDF203D1ED558CE0078952D /* YoutubeListViewController.xib */; };
		2BDF20431ED562870078952D /* YoutubeViewController.m in Sources */ = {isa = PBXBuildFile; fileRef = 2BDF20411ED562870078952D /* YoutubeViewController.m */; };
		2BDF20441ED562870078952D /* YoutubeViewController.xib in Resources */ = {isa = PBXBuildFile; fileRef = 2BDF20421ED562870078952D /* YoutubeViewController.xib */; };
		2BDF20461ED586040078952D /* icons8-circled_play_filled@2x.png in Resources */ = {isa = PBXBuildFile; fileRef = 2BDF20451ED586040078952D /* icons8-circled_play_filled@2x.png */; };
		2BE492F91ED2881A0063B884 /* RootViewController.m in Sources */ = {isa = PBXBuildFile; fileRef = 2BE492F81ED2881A0063B884 /* RootViewController.m */; };
		2BF846C21EF8C1BC00712083 /* CategoryManager.m in Sources */ = {isa = PBXBuildFile; fileRef = 2BF846C11EF8C1BC00712083 /* CategoryManager.m */; };
		2BFDD32B1F009A2500667865 /* Pods-StarCraftTV-acknowledgements.plist in Resources */ = {isa = PBXBuildFile; fileRef = 2BFDD32A1F009A2500667865 /* Pods-StarCraftTV-acknowledgements.plist */; };
		D76AABA4BDEE5893AC881868 /* Pods_StarCraftTV.framework in Frameworks */ = {isa = PBXBuildFile; fileRef = 2C9A13671B4EE60CB1C7A23B /* Pods_StarCraftTV.framework */; };
/* End PBXBuildFile section */

/* Begin PBXFileReference section */
		2B0D3BBF1ED53F33008FFC17 /* icons8-info@2x.png */ = {isa = PBXFileReference; lastKnownFileType = image.png; path = "icons8-info@2x.png"; sourceTree = "<group>"; };
		2B0D3BC01ED53F33008FFC17 /* icons8-menu@2x.png */ = {isa = PBXFileReference; lastKnownFileType = image.png; path = "icons8-menu@2x.png"; sourceTree = "<group>"; };
		2B0D3BC11ED53F33008FFC17 /* icons8-search@2x.png */ = {isa = PBXFileReference; lastKnownFileType = image.png; path = "icons8-search@2x.png"; sourceTree = "<group>"; };
		2B0D3BC21ED53F33008FFC17 /* icons8-settings@2x.png */ = {isa = PBXFileReference; lastKnownFileType = image.png; path = "icons8-settings@2x.png"; sourceTree = "<group>"; };
		2B0D3BC31ED53F33008FFC17 /* icons8-settings_filled@2x.png */ = {isa = PBXFileReference; lastKnownFileType = image.png; path = "icons8-settings_filled@2x.png"; sourceTree = "<group>"; };
		2B0D3BD41ED544BC008FFC17 /* SettingViewController.h */ = {isa = PBXFileReference; fileEncoding = 4; lastKnownFileType = sourcecode.c.h; path = SettingViewController.h; sourceTree = "<group>"; };
		2B0D3BD51ED544BD008FFC17 /* SettingViewController.m */ = {isa = PBXFileReference; fileEncoding = 4; lastKnownFileType = sourcecode.c.objc; path = SettingViewController.m; sourceTree = "<group>"; };
		2B0D3BD61ED544BD008FFC17 /* SettingViewController.xib */ = {isa = PBXFileReference; fileEncoding = 4; lastKnownFileType = file.xib; path = SettingViewController.xib; sourceTree = "<group>"; };
		2B0D3BD91ED544E6008FFC17 /* CategoryListViewController.h */ = {isa = PBXFileReference; fileEncoding = 4; lastKnownFileType = sourcecode.c.h; path = CategoryListViewController.h; sourceTree = "<group>"; };
		2B0D3BDA1ED544E6008FFC17 /* CategoryListViewController.m */ = {isa = PBXFileReference; fileEncoding = 4; lastKnownFileType = sourcecode.c.objc; path = CategoryListViewController.m; sourceTree = "<group>"; };
		2B0D3BDB1ED544E6008FFC17 /* CategoryListViewController.xib */ = {isa = PBXFileReference; fileEncoding = 4; lastKnownFileType = file.xib; path = CategoryListViewController.xib; sourceTree = "<group>"; };
		2B23AF4A1EF22A33007EF22A /* YTItem.h */ = {isa = PBXFileReference; fileEncoding = 4; lastKnownFileType = sourcecode.c.h; path = YTItem.h; sourceTree = "<group>"; };
		2B23AF4B1EF22A33007EF22A /* YTItem.m */ = {isa = PBXFileReference; fileEncoding = 4; lastKnownFileType = sourcecode.c.objc; path = YTItem.m; sourceTree = "<group>"; };
		2B23AF4C1EF22A33007EF22A /* YTPlaylistItem.h */ = {isa = PBXFileReference; fileEncoding = 4; lastKnownFileType = sourcecode.c.h; path = YTPlaylistItem.h; sourceTree = "<group>"; };
		2B23AF4D1EF22A33007EF22A /* YTPlaylistItem.m */ = {isa = PBXFileReference; fileEncoding = 4; lastKnownFileType = sourcecode.c.objc; path = YTPlaylistItem.m; sourceTree = "<group>"; };
		2B23AF4E1EF22A33007EF22A /* YTSearchItem.h */ = {isa = PBXFileReference; fileEncoding = 4; lastKnownFileType = sourcecode.c.h; path = YTSearchItem.h; sourceTree = "<group>"; };
		2B23AF4F1EF22A33007EF22A /* YTSearchItem.m */ = {isa = PBXFileReference; fileEncoding = 4; lastKnownFileType = sourcecode.c.objc; path = YTSearchItem.m; sourceTree = "<group>"; };
		2B23AF501EF22A33007EF22A /* YTSnippetItem.h */ = {isa = PBXFileReference; fileEncoding = 4; lastKnownFileType = sourcecode.c.h; path = YTSnippetItem.h; sourceTree = "<group>"; };
		2B23AF511EF22A33007EF22A /* YTSnippetItem.m */ = {isa = PBXFileReference; fileEncoding = 4; lastKnownFileType = sourcecode.c.objc; path = YTSnippetItem.m; sourceTree = "<group>"; };
		2B23AF591EF22A75007EF22A /* YouTubeAPIHelper.h */ = {isa = PBXFileReference; fileEncoding = 4; lastKnownFileType = sourcecode.c.h; path = YouTubeAPIHelper.h; sourceTree = "<group>"; };
		2B23AF5A1EF22A75007EF22A /* YouTubeAPIHelper.m */ = {isa = PBXFileReference; fileEncoding = 4; lastKnownFileType = sourcecode.c.objc; path = YouTubeAPIHelper.m; sourceTree = "<group>"; };
		2B23AF5B1EF22A75007EF22A /* YoutubeSearchContants.h */ = {isa = PBXFileReference; fileEncoding = 4; lastKnownFileType = sourcecode.c.h; path = YoutubeSearchContants.h; sourceTree = "<group>"; };
		2B23AF5C1EF22A75007EF22A /* YoutubeSearchContants.m */ = {isa = PBXFileReference; fileEncoding = 4; lastKnownFileType = sourcecode.c.objc; path = YoutubeSearchContants.m; sourceTree = "<group>"; };
		2B23AF621EF24106007EF22A /* YTTableViewCell.h */ = {isa = PBXFileReference; fileEncoding = 4; lastKnownFileType = sourcecode.c.h; path = YTTableViewCell.h; sourceTree = "<group>"; };
		2B23AF631EF24106007EF22A /* YTTableViewCell.m */ = {isa = PBXFileReference; fileEncoding = 4; lastKnownFileType = sourcecode.c.objc; path = YTTableViewCell.m; sourceTree = "<group>"; };
		2B23AF651EF24F7B007EF22A /* YTTableViewCell.xib */ = {isa = PBXFileReference; fileEncoding = 4; lastKnownFileType = file.xib; path = YTTableViewCell.xib; sourceTree = "<group>"; };
		2B2702A41F0F831E000AF6B6 /* boot_mod.json */ = {isa = PBXFileReference; fileEncoding = 4; lastKnownFileType = text.json; path = boot_mod.json; sourceTree = "<group>"; };
		2B35CD241EF11AF700584B78 /* VideoListTableViewController.h */ = {isa = PBXFileReference; fileEncoding = 4; lastKnownFileType = sourcecode.c.h; path = VideoListTableViewController.h; sourceTree = "<group>"; };
		2B35CD251EF11AF700584B78 /* VideoListTableViewController.m */ = {isa = PBXFileReference; fileEncoding = 4; lastKnownFileType = sourcecode.c.objc; path = VideoListTableViewController.m; sourceTree = "<group>"; };
		2B3D291E1EF3912A00368116 /* icons8-navigation-Logo@2x.png */ = {isa = PBXFileReference; lastKnownFileType = image.png; path = "icons8-navigation-Logo@2x.png"; sourceTree = "<group>"; };
		2B4BFAC11F0DC7C7001A9AE2 /* AssetsLibrary.framework */ = {isa = PBXFileReference; lastKnownFileType = wrapper.framework; name = AssetsLibrary.framework; path = System/Library/Frameworks/AssetsLibrary.framework; sourceTree = SDKROOT; };
		2B4BFAC31F0DC9E2001A9AE2 /* iAd.framework */ = {isa = PBXFileReference; lastKnownFileType = wrapper.framework; name = iAd.framework; path = System/Library/Frameworks/iAd.framework; sourceTree = SDKROOT; };
		2B540C301ED272A2000A9879 /* StarCraftTV.app */ = {isa = PBXFileReference; explicitFileType = wrapper.application; includeInIndex = 0; path = StarCraftTV.app; sourceTree = BUILT_PRODUCTS_DIR; };
		2B540C341ED272A2000A9879 /* main.m */ = {isa = PBXFileReference; lastKnownFileType = sourcecode.c.objc; path = main.m; sourceTree = "<group>"; };
		2B540C361ED272A2000A9879 /* AppDelegate.h */ = {isa = PBXFileReference; lastKnownFileType = sourcecode.c.h; path = AppDelegate.h; sourceTree = "<group>"; };
		2B540C371ED272A2000A9879 /* AppDelegate.m */ = {isa = PBXFileReference; lastKnownFileType = sourcecode.c.objc; path = AppDelegate.m; sourceTree = "<group>"; };
		2B540C3D1ED272A2000A9879 /* Base */ = {isa = PBXFileReference; lastKnownFileType = file.storyboard; name = Base; path = Base.lproj/Main.storyboard; sourceTree = "<group>"; };
		2B540C421ED272A2000A9879 /* Base */ = {isa = PBXFileReference; lastKnownFileType = file.storyboard; name = Base; path = Base.lproj/LaunchScreen.storyboard; sourceTree = "<group>"; };
		2B540C441ED272A2000A9879 /* Info.plist */ = {isa = PBXFileReference; lastKnownFileType = text.plist.xml; path = Info.plist; sourceTree = "<group>"; };
		2B5508A21EF66AE500ABB6BC /* KPDropMenu.h */ = {isa = PBXFileReference; fileEncoding = 4; lastKnownFileType = sourcecode.c.h; path = KPDropMenu.h; sourceTree = "<group>"; };
		2B5508A31EF66AE500ABB6BC /* KPDropMenu.m */ = {isa = PBXFileReference; fileEncoding = 4; lastKnownFileType = sourcecode.c.objc; path = KPDropMenu.m; sourceTree = "<group>"; };
		2B5BF3A21F03A9F400160D7B /* UIView_Custom.h */ = {isa = PBXFileReference; fileEncoding = 4; lastKnownFileType = sourcecode.c.h; path = UIView_Custom.h; sourceTree = "<group>"; };
		2B5BF3A31F03A9F400160D7B /* UIView_Custom.m */ = {isa = PBXFileReference; fileEncoding = 4; lastKnownFileType = sourcecode.c.objc; path = UIView_Custom.m; sourceTree = "<group>"; };
		2B5E97B71EDD3B320006DAD8 /* Constants.h */ = {isa = PBXFileReference; fileEncoding = 4; lastKnownFileType = sourcecode.c.h; path = Constants.h; sourceTree = "<group>"; };
		2B5F004F1EFCACD400CD4CE9 /* TribeCollectionViewController.h */ = {isa = PBXFileReference; fileEncoding = 4; lastKnownFileType = sourcecode.c.h; path = TribeCollectionViewController.h; sourceTree = "<group>"; };
		2B5F00501EFCACD400CD4CE9 /* TribeCollectionViewController.m */ = {isa = PBXFileReference; fileEncoding = 4; lastKnownFileType = sourcecode.c.objc; path = TribeCollectionViewController.m; sourceTree = "<group>"; };
		2B5F00511EFCACD400CD4CE9 /* TribeCollectionViewController.xib */ = {isa = PBXFileReference; fileEncoding = 4; lastKnownFileType = file.xib; path = TribeCollectionViewController.xib; sourceTree = "<group>"; };
		2B5F00551EFCAD4F00CD4CE9 /* TribeCollectionViewCell.h */ = {isa = PBXFileReference; fileEncoding = 4; lastKnownFileType = sourcecode.c.h; path = TribeCollectionViewCell.h; sourceTree = "<group>"; };
		2B5F00561EFCAD4F00CD4CE9 /* TribeCollectionViewCell.m */ = {isa = PBXFileReference; fileEncoding = 4; lastKnownFileType = sourcecode.c.objc; path = TribeCollectionViewCell.m; sourceTree = "<group>"; };
		2B5F00571EFCAD4F00CD4CE9 /* TribeCollectionViewCell.xib */ = {isa = PBXFileReference; fileEncoding = 4; lastKnownFileType = file.xib; path = TribeCollectionViewCell.xib; sourceTree = "<group>"; };
		2B6534161F27128600B725A4 /* icons8-bookmark_ribbon_filled@2x.png */ = {isa = PBXFileReference; lastKnownFileType = image.png; path = "icons8-bookmark_ribbon_filled@2x.png"; sourceTree = "<group>"; };
		2B6534191F2722AE00B725A4 /* FavoriteListViewController.h */ = {isa = PBXFileReference; fileEncoding = 4; lastKnownFileType = sourcecode.c.h; path = FavoriteListViewController.h; sourceTree = "<group>"; };
		2B65341A1F2722AE00B725A4 /* FavoriteListViewController.m */ = {isa = PBXFileReference; fileEncoding = 4; lastKnownFileType = sourcecode.c.objc; path = FavoriteListViewController.m; sourceTree = "<group>"; };
		2B65341B1F2722AE00B725A4 /* FavoriteListViewController.xib */ = {isa = PBXFileReference; fileEncoding = 4; lastKnownFileType = file.xib; path = FavoriteListViewController.xib; sourceTree = "<group>"; };
		2B660E1B1EDFA8DF000FC747 /* MPMoviePlayerController+BackgroundPlayback.h */ = {isa = PBXFileReference; fileEncoding = 4; lastKnownFileType = sourcecode.c.h; path = "MPMoviePlayerController+BackgroundPlayback.h"; sourceTree = "<group>"; };
		2B660E1C1EDFA8DF000FC747 /* MPMoviePlayerController+BackgroundPlayback.m */ = {isa = PBXFileReference; fileEncoding = 4; lastKnownFileType = sourcecode.c.objc; path = "MPMoviePlayerController+BackgroundPlayback.m"; sourceTree = "<group>"; };
		2B7BB3B51ED3D7CE00913D5C /* GoogleService-Info.plist */ = {isa = PBXFileReference; fileEncoding = 4; lastKnownFileType = text.plist.xml; path = "GoogleService-Info.plist"; sourceTree = "<group>"; };
		2B80DD191F03433900D45D0A /* CommonWebViewController.h */ = {isa = PBXFileReference; fileEncoding = 4; lastKnownFileType = sourcecode.c.h; path = CommonWebViewController.h; sourceTree = "<group>"; };
		2B80DD1A1F03433900D45D0A /* CommonWebViewController.m */ = {isa = PBXFileReference; fileEncoding = 4; lastKnownFileType = sourcecode.c.objc; path = CommonWebViewController.m; sourceTree = "<group>"; };
		2B80DD1B1F03433900D45D0A /* CommonWebViewController.xib */ = {isa = PBXFileReference; fileEncoding = 4; lastKnownFileType = file.xib; path = CommonWebViewController.xib; sourceTree = "<group>"; };
		2B8416BD1F206DB800474029 /* Assets.xcassets */ = {isa = PBXFileReference; lastKnownFileType = folder.assetcatalog; path = Assets.xcassets; sourceTree = "<group>"; };
		2BA20DBC1ED2B3AB00205FCA /* GAManager.h */ = {isa = PBXFileReference; fileEncoding = 4; lastKnownFileType = sourcecode.c.h; path = GAManager.h; sourceTree = "<group>"; };
		2BA20DBD1ED2B3AB00205FCA /* GAManager.m */ = {isa = PBXFileReference; fileEncoding = 4; lastKnownFileType = sourcecode.c.objc; path = GAManager.m; sourceTree = "<group>"; };
		2BA20DC11ED2B41900205FCA /* NSArray+Additions.h */ = {isa = PBXFileReference; fileEncoding = 4; lastKnownFileType = sourcecode.c.h; path = "NSArray+Additions.h"; sourceTree = "<group>"; };
		2BA20DC21ED2B41900205FCA /* NSArray+Additions.m */ = {isa = PBXFileReference; fileEncoding = 4; lastKnownFileType = sourcecode.c.objc; path = "NSArray+Additions.m"; sourceTree = "<group>"; };
		2BA20DC31ED2B41900205FCA /* NSDate+Additions.h */ = {isa = PBXFileReference; fileEncoding = 4; lastKnownFileType = sourcecode.c.h; path = "NSDate+Additions.h"; sourceTree = "<group>"; };
		2BA20DC41ED2B41900205FCA /* NSDate+Additions.m */ = {isa = PBXFileReference; fileEncoding = 4; lastKnownFileType = sourcecode.c.objc; path = "NSDate+Additions.m"; sourceTree = "<group>"; };
		2BA20DC51ED2B41900205FCA /* NSDictionary+Additions.h */ = {isa = PBXFileReference; fileEncoding = 4; lastKnownFileType = sourcecode.c.h; path = "NSDictionary+Additions.h"; sourceTree = "<group>"; };
		2BA20DC61ED2B41900205FCA /* NSDictionary+Additions.m */ = {isa = PBXFileReference; fileEncoding = 4; lastKnownFileType = sourcecode.c.objc; path = "NSDictionary+Additions.m"; sourceTree = "<group>"; };
		2BA20DC71ED2B41900205FCA /* NSMutableArray+Additions.h */ = {isa = PBXFileReference; fileEncoding = 4; lastKnownFileType = sourcecode.c.h; path = "NSMutableArray+Additions.h"; sourceTree = "<group>"; };
		2BA20DC81ED2B41900205FCA /* NSMutableArray+Additions.m */ = {isa = PBXFileReference; fileEncoding = 4; lastKnownFileType = sourcecode.c.objc; path = "NSMutableArray+Additions.m"; sourceTree = "<group>"; };
		2BA20DC91ED2B41900205FCA /* NSMutableDictionary+Additions.h */ = {isa = PBXFileReference; fileEncoding = 4; lastKnownFileType = sourcecode.c.h; path = "NSMutableDictionary+Additions.h"; sourceTree = "<group>"; };
		2BA20DCA1ED2B41900205FCA /* NSMutableDictionary+Additions.m */ = {isa = PBXFileReference; fileEncoding = 4; lastKnownFileType = sourcecode.c.objc; path = "NSMutableDictionary+Additions.m"; sourceTree = "<group>"; };
		2BA20DCB1ED2B41900205FCA /* NSNumber+Additions.h */ = {isa = PBXFileReference; fileEncoding = 4; lastKnownFileType = sourcecode.c.h; path = "NSNumber+Additions.h"; sourceTree = "<group>"; };
		2BA20DCC1ED2B41900205FCA /* NSNumber+Additions.m */ = {isa = PBXFileReference; fileEncoding = 4; lastKnownFileType = sourcecode.c.objc; path = "NSNumber+Additions.m"; sourceTree = "<group>"; };
		2BA20DCD1ED2B41900205FCA /* NSObject+Additions.h */ = {isa = PBXFileReference; fileEncoding = 4; lastKnownFileType = sourcecode.c.h; path = "NSObject+Additions.h"; sourceTree = "<group>"; };
		2BA20DCE1ED2B41900205FCA /* NSObject+Additions.m */ = {isa = PBXFileReference; fileEncoding = 4; lastKnownFileType = sourcecode.c.objc; path = "NSObject+Additions.m"; sourceTree = "<group>"; };
		2BA20DCF1ED2B41900205FCA /* NSString+Additions.h */ = {isa = PBXFileReference; fileEncoding = 4; lastKnownFileType = sourcecode.c.h; path = "NSString+Additions.h"; sourceTree = "<group>"; };
		2BA20DD01ED2B41900205FCA /* NSString+Additions.m */ = {isa = PBXFileReference; fileEncoding = 4; lastKnownFileType = sourcecode.c.objc; path = "NSString+Additions.m"; sourceTree = "<group>"; };
		2BA20DD11ED2B41900205FCA /* UIAlertView+Additions.h */ = {isa = PBXFileReference; fileEncoding = 4; lastKnownFileType = sourcecode.c.h; path = "UIAlertView+Additions.h"; sourceTree = "<group>"; };
		2BA20DD21ED2B41900205FCA /* UIAlertView+Additions.m */ = {isa = PBXFileReference; fileEncoding = 4; lastKnownFileType = sourcecode.c.objc; path = "UIAlertView+Additions.m"; sourceTree = "<group>"; };
		2BA20DD31ED2B41900205FCA /* UIApplication+Additions.h */ = {isa = PBXFileReference; fileEncoding = 4; lastKnownFileType = sourcecode.c.h; path = "UIApplication+Additions.h"; sourceTree = "<group>"; };
		2BA20DD41ED2B41900205FCA /* UIApplication+Additions.m */ = {isa = PBXFileReference; fileEncoding = 4; lastKnownFileType = sourcecode.c.objc; path = "UIApplication+Additions.m"; sourceTree = "<group>"; };
		2BA20DD51ED2B41900205FCA /* UIColor+Additions.h */ = {isa = PBXFileReference; fileEncoding = 4; lastKnownFileType = sourcecode.c.h; path = "UIColor+Additions.h"; sourceTree = "<group>"; };
		2BA20DD61ED2B41900205FCA /* UIColor+Additions.m */ = {isa = PBXFileReference; fileEncoding = 4; lastKnownFileType = sourcecode.c.objc; path = "UIColor+Additions.m"; sourceTree = "<group>"; };
		2BA20DD71ED2B41900205FCA /* TF_Additions.h */ = {isa = PBXFileReference; fileEncoding = 4; lastKnownFileType = sourcecode.c.h; path = TF_Additions.h; sourceTree = "<group>"; };
		2BA20DD91ED2B41900205FCA /* UIButton+Additions.h */ = {isa = PBXFileReference; fileEncoding = 4; lastKnownFileType = sourcecode.c.h; path = "UIButton+Additions.h"; sourceTree = "<group>"; };
		2BA20DDA1ED2B41900205FCA /* UIButton+Additions.m */ = {isa = PBXFileReference; fileEncoding = 4; lastKnownFileType = sourcecode.c.objc; path = "UIButton+Additions.m"; sourceTree = "<group>"; };
		2BA20DDB1ED2B41900205FCA /* UIButton+Animation.h */ = {isa = PBXFileReference; fileEncoding = 4; lastKnownFileType = sourcecode.c.h; path = "UIButton+Animation.h"; sourceTree = "<group>"; };
		2BA20DDC1ED2B41900205FCA /* UIButton+Animation.m */ = {isa = PBXFileReference; fileEncoding = 4; lastKnownFileType = sourcecode.c.objc; path = "UIButton+Animation.m"; sourceTree = "<group>"; };
		2BA20DDD1ED2B41900205FCA /* UIImageView+Additions.h */ = {isa = PBXFileReference; fileEncoding = 4; lastKnownFileType = sourcecode.c.h; path = "UIImageView+Additions.h"; sourceTree = "<group>"; };
		2BA20DDE1ED2B41900205FCA /* UIImageView+Additions.m */ = {isa = PBXFileReference; fileEncoding = 4; lastKnownFileType = sourcecode.c.objc; path = "UIImageView+Additions.m"; sourceTree = "<group>"; };
		2BA20DDF1ED2B41900205FCA /* UIScreen+Additions.h */ = {isa = PBXFileReference; fileEncoding = 4; lastKnownFileType = sourcecode.c.h; path = "UIScreen+Additions.h"; sourceTree = "<group>"; };
		2BA20DE01ED2B41900205FCA /* UIScreen+Additions.m */ = {isa = PBXFileReference; fileEncoding = 4; lastKnownFileType = sourcecode.c.objc; path = "UIScreen+Additions.m"; sourceTree = "<group>"; };
		2BA20DE11ED2B41900205FCA /* UIScrollView+Additions.h */ = {isa = PBXFileReference; fileEncoding = 4; lastKnownFileType = sourcecode.c.h; path = "UIScrollView+Additions.h"; sourceTree = "<group>"; };
		2BA20DE21ED2B41900205FCA /* UIScrollView+Additions.m */ = {isa = PBXFileReference; fileEncoding = 4; lastKnownFileType = sourcecode.c.objc; path = "UIScrollView+Additions.m"; sourceTree = "<group>"; };
		2BA20DE31ED2B41900205FCA /* UIView+Additions.h */ = {isa = PBXFileReference; fileEncoding = 4; lastKnownFileType = sourcecode.c.h; path = "UIView+Additions.h"; sourceTree = "<group>"; };
		2BA20DE41ED2B41900205FCA /* UIView+Additions.m */ = {isa = PBXFileReference; fileEncoding = 4; lastKnownFileType = sourcecode.c.objc; path = "UIView+Additions.m"; sourceTree = "<group>"; };
		2BA20DE51ED2B41900205FCA /* UIView+Animations.h */ = {isa = PBXFileReference; fileEncoding = 4; lastKnownFileType = sourcecode.c.h; path = "UIView+Animations.h"; sourceTree = "<group>"; };
		2BA20DE61ED2B41900205FCA /* UIView+Animations.m */ = {isa = PBXFileReference; fileEncoding = 4; lastKnownFileType = sourcecode.c.objc; path = "UIView+Animations.m"; sourceTree = "<group>"; };
		2BA20DF31ED2B41900205FCA /* TF_Core.h */ = {isa = PBXFileReference; fileEncoding = 4; lastKnownFileType = sourcecode.c.h; path = TF_Core.h; sourceTree = "<group>"; };
		2BA20DF41ED2B41900205FCA /* TF_Singleton.h */ = {isa = PBXFileReference; fileEncoding = 4; lastKnownFileType = sourcecode.c.h; path = TF_Singleton.h; sourceTree = "<group>"; };
		2BA20DF61ED2B41900205FCA /* AESCrypt.h */ = {isa = PBXFileReference; fileEncoding = 4; lastKnownFileType = sourcecode.c.h; path = AESCrypt.h; sourceTree = "<group>"; };
		2BA20DF71ED2B41900205FCA /* AESCrypt.m */ = {isa = PBXFileReference; fileEncoding = 4; lastKnownFileType = sourcecode.c.objc; path = AESCrypt.m; sourceTree = "<group>"; };
		2BA20DF81ED2B41900205FCA /* NSData+Base64.h */ = {isa = PBXFileReference; fileEncoding = 4; lastKnownFileType = sourcecode.c.h; path = "NSData+Base64.h"; sourceTree = "<group>"; };
		2BA20DF91ED2B41900205FCA /* NSData+Base64.m */ = {isa = PBXFileReference; fileEncoding = 4; lastKnownFileType = sourcecode.c.objc; path = "NSData+Base64.m"; sourceTree = "<group>"; };
		2BA20DFA1ED2B41900205FCA /* NSData+CommonCrypto.h */ = {isa = PBXFileReference; fileEncoding = 4; lastKnownFileType = sourcecode.c.h; path = "NSData+CommonCrypto.h"; sourceTree = "<group>"; };
		2BA20DFB1ED2B41900205FCA /* NSData+CommonCrypto.m */ = {isa = PBXFileReference; fileEncoding = 4; lastKnownFileType = sourcecode.c.objc; path = "NSData+CommonCrypto.m"; sourceTree = "<group>"; };
		2BA20DFC1ED2B41900205FCA /* NSString+Base64.h */ = {isa = PBXFileReference; fileEncoding = 4; lastKnownFileType = sourcecode.c.h; path = "NSString+Base64.h"; sourceTree = "<group>"; };
		2BA20DFD1ED2B41900205FCA /* NSString+Base64.m */ = {isa = PBXFileReference; fileEncoding = 4; lastKnownFileType = sourcecode.c.objc; path = "NSString+Base64.m"; sourceTree = "<group>"; };
		2BAE29DE1EFA64BC0018B0D0 /* expandableImage.png */ = {isa = PBXFileReference; lastKnownFileType = image.png; path = expandableImage.png; sourceTree = "<group>"; };
		2BAE29DF1EFA64BC0018B0D0 /* expandableImage@2x.png */ = {isa = PBXFileReference; lastKnownFileType = image.png; path = "expandableImage@2x.png"; sourceTree = "<group>"; };
		2BAE29E01EFA64BC0018B0D0 /* SKSTableView.h */ = {isa = PBXFileReference; fileEncoding = 4; lastKnownFileType = sourcecode.c.h; path = SKSTableView.h; sourceTree = "<group>"; };
		2BAE29E11EFA64BC0018B0D0 /* SKSTableView.m */ = {isa = PBXFileReference; fileEncoding = 4; lastKnownFileType = sourcecode.c.objc; path = SKSTableView.m; sourceTree = "<group>"; };
		2BAE29E21EFA64BC0018B0D0 /* SKSTableViewCell.h */ = {isa = PBXFileReference; fileEncoding = 4; lastKnownFileType = sourcecode.c.h; path = SKSTableViewCell.h; sourceTree = "<group>"; };
		2BAE29E31EFA64BC0018B0D0 /* SKSTableViewCell.m */ = {isa = PBXFileReference; fileEncoding = 4; lastKnownFileType = sourcecode.c.objc; path = SKSTableViewCell.m; sourceTree = "<group>"; };
		2BAE29E41EFA64BC0018B0D0 /* SKSTableViewCellIndicator.h */ = {isa = PBXFileReference; fileEncoding = 4; lastKnownFileType = sourcecode.c.h; path = SKSTableViewCellIndicator.h; sourceTree = "<group>"; };
		2BAE29E51EFA64BC0018B0D0 /* SKSTableViewCellIndicator.m */ = {isa = PBXFileReference; fileEncoding = 4; lastKnownFileType = sourcecode.c.objc; path = SKSTableViewCellIndicator.m; sourceTree = "<group>"; };
		2BBEC3851F04967E0006F738 /* YTContentDetailsItem.h */ = {isa = PBXFileReference; fileEncoding = 4; lastKnownFileType = sourcecode.c.h; path = YTContentDetailsItem.h; sourceTree = "<group>"; };
		2BBEC3861F04967E0006F738 /* YTContentDetailsItem.m */ = {isa = PBXFileReference; fileEncoding = 4; lastKnownFileType = sourcecode.c.objc; path = YTContentDetailsItem.m; sourceTree = "<group>"; };
		2BD0C0201F18B80000666174 /* ko */ = {isa = PBXFileReference; lastKnownFileType = text.plist.strings; name = ko; path = ko.lproj/Main.strings; sourceTree = "<group>"; };
		2BD0C0211F18B80000666174 /* ko */ = {isa = PBXFileReference; lastKnownFileType = text.plist.strings; name = ko; path = ko.lproj/LaunchScreen.strings; sourceTree = "<group>"; };
		2BD0C0231F18B82600666174 /* Base */ = {isa = PBXFileReference; lastKnownFileType = text.plist.strings; name = Base; path = Base.lproj/Localizable.strings; sourceTree = "<group>"; };
		2BD0C0251F18B83200666174 /* ko */ = {isa = PBXFileReference; lastKnownFileType = text.plist.strings; name = ko; path = ko.lproj/Localizable.strings; sourceTree = "<group>"; };
		2BD0C0261F18B83300666174 /* en */ = {isa = PBXFileReference; lastKnownFileType = text.plist.strings; name = en; path = en.lproj/Localizable.strings; sourceTree = "<group>"; };
		2BD4FB7E1EF372F40083143A /* icons8-logo@2x.png */ = {isa = PBXFileReference; lastKnownFileType = image.png; path = "icons8-logo@2x.png"; sourceTree = "<group>"; };
		2BDF203B1ED558CE0078952D /* YoutubeListViewController.h */ = {isa = PBXFileReference; fileEncoding = 4; lastKnownFileType = sourcecode.c.h; path = YoutubeListViewController.h; sourceTree = "<group>"; };
		2BDF203C1ED558CE0078952D /* YoutubeListViewController.m */ = {isa = PBXFileReference; fileEncoding = 4; lastKnownFileType = sourcecode.c.objc; path = YoutubeListViewController.m; sourceTree = "<group>"; };
		2BDF203D1ED558CE0078952D /* YoutubeListViewController.xib */ = {isa = PBXFileReference; fileEncoding = 4; lastKnownFileType = file.xib; path = YoutubeListViewController.xib; sourceTree = "<group>"; };
		2BDF20401ED562870078952D /* YoutubeViewController.h */ = {isa = PBXFileReference; fileEncoding = 4; lastKnownFileType = sourcecode.c.h; path = YoutubeViewController.h; sourceTree = "<group>"; };
		2BDF20411ED562870078952D /* YoutubeViewController.m */ = {isa = PBXFileReference; fileEncoding = 4; lastKnownFileType = sourcecode.c.objc; path = YoutubeViewController.m; sourceTree = "<group>"; };
		2BDF20421ED562870078952D /* YoutubeViewController.xib */ = {isa = PBXFileReference; fileEncoding = 4; lastKnownFileType = file.xib; path = YoutubeViewController.xib; sourceTree = "<group>"; };
		2BDF20451ED586040078952D /* icons8-circled_play_filled@2x.png */ = {isa = PBXFileReference; lastKnownFileType = image.png; path = "icons8-circled_play_filled@2x.png"; sourceTree = "<group>"; };
		2BE492F71ED2881A0063B884 /* RootViewController.h */ = {isa = PBXFileReference; fileEncoding = 4; lastKnownFileType = sourcecode.c.h; path = RootViewController.h; sourceTree = "<group>"; };
		2BE492F81ED2881A0063B884 /* RootViewController.m */ = {isa = PBXFileReference; fileEncoding = 4; lastKnownFileType = sourcecode.c.objc; path = RootViewController.m; sourceTree = "<group>"; };
		2BF846C01EF8C1BC00712083 /* CategoryManager.h */ = {isa = PBXFileReference; fileEncoding = 4; lastKnownFileType = sourcecode.c.h; path = CategoryManager.h; sourceTree = "<group>"; };
		2BF846C11EF8C1BC00712083 /* CategoryManager.m */ = {isa = PBXFileReference; fileEncoding = 4; lastKnownFileType = sourcecode.c.objc; path = CategoryManager.m; sourceTree = "<group>"; };
		2BFDD32A1F009A2500667865 /* Pods-StarCraftTV-acknowledgements.plist */ = {isa = PBXFileReference; fileEncoding = 4; lastKnownFileType = text.plist.xml; path = "Pods-StarCraftTV-acknowledgements.plist"; sourceTree = "<group>"; };
		2BFDDF331F09D6DA007880F4 /* AdSupport.framework */ = {isa = PBXFileReference; lastKnownFileType = wrapper.framework; name = AdSupport.framework; path = System/Library/Frameworks/AdSupport.framework; sourceTree = SDKROOT; };
		2C9A13671B4EE60CB1C7A23B /* Pods_StarCraftTV.framework */ = {isa = PBXFileReference; explicitFileType = wrapper.framework; includeInIndex = 0; path = Pods_StarCraftTV.framework; sourceTree = BUILT_PRODUCTS_DIR; };
		3E04D4E6637C9DA116AA7899 /* Pods-StarCraftTV.debug.xcconfig */ = {isa = PBXFileReference; includeInIndex = 1; lastKnownFileType = text.xcconfig; name = "Pods-StarCraftTV.debug.xcconfig"; path = "Pods/Target Support Files/Pods-StarCraftTV/Pods-StarCraftTV.debug.xcconfig"; sourceTree = "<group>"; };
		F9AD7CCBBC50E9E293323C5C /* Pods-StarCraftTV.release.xcconfig */ = {isa = PBXFileReference; includeInIndex = 1; lastKnownFileType = text.xcconfig; name = "Pods-StarCraftTV.release.xcconfig"; path = "Pods/Target Support Files/Pods-StarCraftTV/Pods-StarCraftTV.release.xcconfig"; sourceTree = "<group>"; };
/* End PBXFileReference section */

/* Begin PBXFrameworksBuildPhase section */
		2B540C2D1ED272A2000A9879 /* Frameworks */ = {
			isa = PBXFrameworksBuildPhase;
			buildActionMask = 2147483647;
			files = (
				2B4BFAC41F0DC9E2001A9AE2 /* iAd.framework in Frameworks */,
				D76AABA4BDEE5893AC881868 /* Pods_StarCraftTV.framework in Frameworks */,
			);
			runOnlyForDeploymentPostprocessing = 0;
		};
/* End PBXFrameworksBuildPhase section */

/* Begin PBXGroup section */
		2B0D3BBE1ED53F33008FFC17 /* icons@2x */ = {
			isa = PBXGroup;
			children = (
				2B6534161F27128600B725A4 /* icons8-bookmark_ribbon_filled@2x.png */,
				2BD4FB7E1EF372F40083143A /* icons8-logo@2x.png */,
				2BDF20451ED586040078952D /* icons8-circled_play_filled@2x.png */,
				2B0D3BBF1ED53F33008FFC17 /* icons8-info@2x.png */,
				2B0D3BC01ED53F33008FFC17 /* icons8-menu@2x.png */,
				2B3D291E1EF3912A00368116 /* icons8-navigation-Logo@2x.png */,
				2B0D3BC11ED53F33008FFC17 /* icons8-search@2x.png */,
				2B0D3BC21ED53F33008FFC17 /* icons8-settings@2x.png */,
				2B0D3BC31ED53F33008FFC17 /* icons8-settings_filled@2x.png */,
			);
			path = "icons@2x";
			sourceTree = "<group>";
		};
		2B23AF581EF22A75007EF22A /* Helpers */ = {
			isa = PBXGroup;
			children = (
				2B23AF591EF22A75007EF22A /* YouTubeAPIHelper.h */,
				2B23AF5A1EF22A75007EF22A /* YouTubeAPIHelper.m */,
				2B23AF5B1EF22A75007EF22A /* YoutubeSearchContants.h */,
				2B23AF5C1EF22A75007EF22A /* YoutubeSearchContants.m */,
			);
			path = Helpers;
			sourceTree = "<group>";
		};
		2B35CD2C1EF120FC00584B78 /* SettingViewController */ = {
			isa = PBXGroup;
			children = (
				2B0D3BD41ED544BC008FFC17 /* SettingViewController.h */,
				2B0D3BD51ED544BD008FFC17 /* SettingViewController.m */,
				2B0D3BD61ED544BD008FFC17 /* SettingViewController.xib */,
			);
			name = SettingViewController;
			sourceTree = "<group>";
		};
		2B35CD2D1EF1210D00584B78 /* CategoryViewController */ = {
			isa = PBXGroup;
			children = (
				2B0D3BD91ED544E6008FFC17 /* CategoryListViewController.h */,
				2B0D3BDA1ED544E6008FFC17 /* CategoryListViewController.m */,
				2B0D3BDB1ED544E6008FFC17 /* CategoryListViewController.xib */,
			);
			name = CategoryViewController;
			sourceTree = "<group>";
		};
		2B35CD2E1EF1216C00584B78 /* Main Youtube List ViewController */ = {
			isa = PBXGroup;
			children = (
				2BDF203B1ED558CE0078952D /* YoutubeListViewController.h */,
				2BDF203C1ED558CE0078952D /* YoutubeListViewController.m */,
				2BDF203D1ED558CE0078952D /* YoutubeListViewController.xib */,
			);
			name = "Main Youtube List ViewController";
			sourceTree = "<group>";
		};
		2B35CD2F1EF1219D00584B78 /* YoutubeViewController(Player) */ = {
			isa = PBXGroup;
			children = (
				2BDF20401ED562870078952D /* YoutubeViewController.h */,
				2BDF20411ED562870078952D /* YoutubeViewController.m */,
				2BDF20421ED562870078952D /* YoutubeViewController.xib */,
			);
			name = "YoutubeViewController(Player)";
			sourceTree = "<group>";
		};
		2B43CEAC1ED2AD4000398AB5 /* Library */ = {
			isa = PBXGroup;
			children = (
				2BA20DBF1ED2B41900205FCA /* Addition */,
				2B80DD101F03427700D45D0A /* CommonWebViewController */,
				2BA20DF21ED2B41900205FCA /* Core */,
				2BA20DF51ED2B41900205FCA /* Crypto */,
				2B5BF3A11F03A9F400160D7B /* DebugLayer */,
				2B5508A11EF66AE500ABB6BC /* Dropdown */,
				2BAE29DD1EFA64BC0018B0D0 /* SKSTableView */,
			);
			path = Library;
			sourceTree = "<group>";
		};
		2B540C271ED272A2000A9879 = {
			isa = PBXGroup;
			children = (
				2B540C321ED272A2000A9879 /* StarCraftTV */,
				2B540C311ED272A2000A9879 /* Products */,
				C97539A7DCE8C15FEC169048 /* Pods */,
				822E1593D4E8929BDA1703C2 /* Frameworks */,
			);
			sourceTree = "<group>";
		};
		2B540C311ED272A2000A9879 /* Products */ = {
			isa = PBXGroup;
			children = (
				2B540C301ED272A2000A9879 /* StarCraftTV.app */,
			);
			name = Products;
			sourceTree = "<group>";
		};
		2B540C321ED272A2000A9879 /* StarCraftTV */ = {
			isa = PBXGroup;
			children = (
				2BE492F51ED287E60063B884 /* Classes */,
				2BA20DBB1ED2B3AB00205FCA /* Manager */,
				2B43CEAC1ED2AD4000398AB5 /* Library */,
				2B540C361ED272A2000A9879 /* AppDelegate.h */,
				2B540C371ED272A2000A9879 /* AppDelegate.m */,
				2B540C3C1ED272A2000A9879 /* Main.storyboard */,
				2B540C411ED272A2000A9879 /* LaunchScreen.storyboard */,
				2B8416BD1F206DB800474029 /* Assets.xcassets */,
				2B7BB3B51ED3D7CE00913D5C /* GoogleService-Info.plist */,
				2B540C441ED272A2000A9879 /* Info.plist */,
				2BE492F61ED287F60063B884 /* Resource */,
				2B540C331ED272A2000A9879 /* Supporting Files */,
				2BD0C0221F18B82600666174 /* Localizable.strings */,
			);
			path = StarCraftTV;
			sourceTree = "<group>";
		};
		2B540C331ED272A2000A9879 /* Supporting Files */ = {
			isa = PBXGroup;
			children = (
				2B540C341ED272A2000A9879 /* main.m */,
			);
			name = "Supporting Files";
			sourceTree = "<group>";
		};
		2B5508A11EF66AE500ABB6BC /* Dropdown */ = {
			isa = PBXGroup;
			children = (
				2B5508A21EF66AE500ABB6BC /* KPDropMenu.h */,
				2B5508A31EF66AE500ABB6BC /* KPDropMenu.m */,
			);
			path = Dropdown;
			sourceTree = "<group>";
		};
		2B5BF3A11F03A9F400160D7B /* DebugLayer */ = {
			isa = PBXGroup;
			children = (
				2B5BF3A21F03A9F400160D7B /* UIView_Custom.h */,
				2B5BF3A31F03A9F400160D7B /* UIView_Custom.m */,
			);
			path = DebugLayer;
			sourceTree = "<group>";
		};
		2B5E97AF1EDD3A8F0006DAD8 /* Model */ = {
			isa = PBXGroup;
			children = (
				2B23AF4A1EF22A33007EF22A /* YTItem.h */,
				2B23AF4B1EF22A33007EF22A /* YTItem.m */,
				2BBEC3851F04967E0006F738 /* YTContentDetailsItem.h */,
				2BBEC3861F04967E0006F738 /* YTContentDetailsItem.m */,
				2B23AF4C1EF22A33007EF22A /* YTPlaylistItem.h */,
				2B23AF4D1EF22A33007EF22A /* YTPlaylistItem.m */,
				2B23AF4E1EF22A33007EF22A /* YTSearchItem.h */,
				2B23AF4F1EF22A33007EF22A /* YTSearchItem.m */,
				2B23AF501EF22A33007EF22A /* YTSnippetItem.h */,
				2B23AF511EF22A33007EF22A /* YTSnippetItem.m */,
			);
			path = Model;
			sourceTree = "<group>";
		};
		2B5E97B61EDD3B320006DAD8 /* Constants */ = {
			isa = PBXGroup;
			children = (
				2B5E97B71EDD3B320006DAD8 /* Constants.h */,
			);
			path = Constants;
			sourceTree = "<group>";
		};
		2B5F00541EFCACE100CD4CE9 /* TribeCollectionViewController */ = {
			isa = PBXGroup;
			children = (
				2B5F004F1EFCACD400CD4CE9 /* TribeCollectionViewController.h */,
				2B5F00501EFCACD400CD4CE9 /* TribeCollectionViewController.m */,
				2B5F00511EFCACD400CD4CE9 /* TribeCollectionViewController.xib */,
				2B5F00551EFCAD4F00CD4CE9 /* TribeCollectionViewCell.h */,
				2B5F00561EFCAD4F00CD4CE9 /* TribeCollectionViewCell.m */,
				2B5F00571EFCAD4F00CD4CE9 /* TribeCollectionViewCell.xib */,
			);
			name = TribeCollectionViewController;
			sourceTree = "<group>";
		};
		2B6029951ED421690011EA01 /* TableViewCell */ = {
			isa = PBXGroup;
			children = (
				2B23AF621EF24106007EF22A /* YTTableViewCell.h */,
				2B23AF631EF24106007EF22A /* YTTableViewCell.m */,
				2B23AF651EF24F7B007EF22A /* YTTableViewCell.xib */,
			);
			name = TableViewCell;
			sourceTree = "<group>";
		};
		2B6534181F27200700B725A4 /* FavoriteViewController */ = {
			isa = PBXGroup;
			children = (
				2B6534191F2722AE00B725A4 /* FavoriteListViewController.h */,
				2B65341A1F2722AE00B725A4 /* FavoriteListViewController.m */,
				2B65341B1F2722AE00B725A4 /* FavoriteListViewController.xib */,
			);
			name = FavoriteViewController;
			sourceTree = "<group>";
		};
		2B660E1A1EDFA8DF000FC747 /* MP+BackgroundPlayback */ = {
			isa = PBXGroup;
			children = (
				2B660E1B1EDFA8DF000FC747 /* MPMoviePlayerController+BackgroundPlayback.h */,
				2B660E1C1EDFA8DF000FC747 /* MPMoviePlayerController+BackgroundPlayback.m */,
			);
			name = "MP+BackgroundPlayback";
			path = "Model/MPMoviePlayerController+BackgroundPlayback";
			sourceTree = "<group>";
		};
		2B80DD101F03427700D45D0A /* CommonWebViewController */ = {
			isa = PBXGroup;
			children = (
				2B80DD191F03433900D45D0A /* CommonWebViewController.h */,
				2B80DD1A1F03433900D45D0A /* CommonWebViewController.m */,
				2B80DD1B1F03433900D45D0A /* CommonWebViewController.xib */,
			);
			path = CommonWebViewController;
			sourceTree = "<group>";
		};
		2BA20DBB1ED2B3AB00205FCA /* Manager */ = {
			isa = PBXGroup;
			children = (
				2BF846C01EF8C1BC00712083 /* CategoryManager.h */,
				2BF846C11EF8C1BC00712083 /* CategoryManager.m */,
				2BA20DBC1ED2B3AB00205FCA /* GAManager.h */,
				2BA20DBD1ED2B3AB00205FCA /* GAManager.m */,
			);
			path = Manager;
			sourceTree = "<group>";
		};
		2BA20DBF1ED2B41900205FCA /* Addition */ = {
			isa = PBXGroup;
			children = (
				2BA20DC01ED2B41900205FCA /* Object */,
				2BA20DD71ED2B41900205FCA /* TF_Additions.h */,
				2BA20DD81ED2B41900205FCA /* View */,
			);
			path = Addition;
			sourceTree = "<group>";
		};
		2BA20DC01ED2B41900205FCA /* Object */ = {
			isa = PBXGroup;
			children = (
				2BA20DC11ED2B41900205FCA /* NSArray+Additions.h */,
				2BA20DC21ED2B41900205FCA /* NSArray+Additions.m */,
				2BA20DC31ED2B41900205FCA /* NSDate+Additions.h */,
				2BA20DC41ED2B41900205FCA /* NSDate+Additions.m */,
				2BA20DC51ED2B41900205FCA /* NSDictionary+Additions.h */,
				2BA20DC61ED2B41900205FCA /* NSDictionary+Additions.m */,
				2BA20DC71ED2B41900205FCA /* NSMutableArray+Additions.h */,
				2BA20DC81ED2B41900205FCA /* NSMutableArray+Additions.m */,
				2BA20DC91ED2B41900205FCA /* NSMutableDictionary+Additions.h */,
				2BA20DCA1ED2B41900205FCA /* NSMutableDictionary+Additions.m */,
				2BA20DCB1ED2B41900205FCA /* NSNumber+Additions.h */,
				2BA20DCC1ED2B41900205FCA /* NSNumber+Additions.m */,
				2BA20DCD1ED2B41900205FCA /* NSObject+Additions.h */,
				2BA20DCE1ED2B41900205FCA /* NSObject+Additions.m */,
				2BA20DCF1ED2B41900205FCA /* NSString+Additions.h */,
				2BA20DD01ED2B41900205FCA /* NSString+Additions.m */,
				2BA20DD11ED2B41900205FCA /* UIAlertView+Additions.h */,
				2BA20DD21ED2B41900205FCA /* UIAlertView+Additions.m */,
				2BA20DD31ED2B41900205FCA /* UIApplication+Additions.h */,
				2BA20DD41ED2B41900205FCA /* UIApplication+Additions.m */,
				2BA20DD51ED2B41900205FCA /* UIColor+Additions.h */,
				2BA20DD61ED2B41900205FCA /* UIColor+Additions.m */,
			);
			path = Object;
			sourceTree = "<group>";
		};
		2BA20DD81ED2B41900205FCA /* View */ = {
			isa = PBXGroup;
			children = (
				2BA20DD91ED2B41900205FCA /* UIButton+Additions.h */,
				2BA20DDA1ED2B41900205FCA /* UIButton+Additions.m */,
				2BA20DDB1ED2B41900205FCA /* UIButton+Animation.h */,
				2BA20DDC1ED2B41900205FCA /* UIButton+Animation.m */,
				2BA20DDD1ED2B41900205FCA /* UIImageView+Additions.h */,
				2BA20DDE1ED2B41900205FCA /* UIImageView+Additions.m */,
				2BA20DDF1ED2B41900205FCA /* UIScreen+Additions.h */,
				2BA20DE01ED2B41900205FCA /* UIScreen+Additions.m */,
				2BA20DE11ED2B41900205FCA /* UIScrollView+Additions.h */,
				2BA20DE21ED2B41900205FCA /* UIScrollView+Additions.m */,
				2BA20DE31ED2B41900205FCA /* UIView+Additions.h */,
				2BA20DE41ED2B41900205FCA /* UIView+Additions.m */,
				2BA20DE51ED2B41900205FCA /* UIView+Animations.h */,
				2BA20DE61ED2B41900205FCA /* UIView+Animations.m */,
			);
			path = View;
			sourceTree = "<group>";
		};
		2BA20DF21ED2B41900205FCA /* Core */ = {
			isa = PBXGroup;
			children = (
				2BA20DF31ED2B41900205FCA /* TF_Core.h */,
				2BA20DF41ED2B41900205FCA /* TF_Singleton.h */,
			);
			path = Core;
			sourceTree = "<group>";
		};
		2BA20DF51ED2B41900205FCA /* Crypto */ = {
			isa = PBXGroup;
			children = (
				2BA20DF61ED2B41900205FCA /* AESCrypt.h */,
				2BA20DF71ED2B41900205FCA /* AESCrypt.m */,
				2BA20DF81ED2B41900205FCA /* NSData+Base64.h */,
				2BA20DF91ED2B41900205FCA /* NSData+Base64.m */,
				2BA20DFA1ED2B41900205FCA /* NSData+CommonCrypto.h */,
				2BA20DFB1ED2B41900205FCA /* NSData+CommonCrypto.m */,
				2BA20DFC1ED2B41900205FCA /* NSString+Base64.h */,
				2BA20DFD1ED2B41900205FCA /* NSString+Base64.m */,
			);
			path = Crypto;
			sourceTree = "<group>";
		};
		2BAE29DD1EFA64BC0018B0D0 /* SKSTableView */ = {
			isa = PBXGroup;
			children = (
				2BAE29DE1EFA64BC0018B0D0 /* expandableImage.png */,
				2BAE29DF1EFA64BC0018B0D0 /* expandableImage@2x.png */,
				2BAE29E01EFA64BC0018B0D0 /* SKSTableView.h */,
				2BAE29E11EFA64BC0018B0D0 /* SKSTableView.m */,
				2BAE29E21EFA64BC0018B0D0 /* SKSTableViewCell.h */,
				2BAE29E31EFA64BC0018B0D0 /* SKSTableViewCell.m */,
				2BAE29E41EFA64BC0018B0D0 /* SKSTableViewCellIndicator.h */,
				2BAE29E51EFA64BC0018B0D0 /* SKSTableViewCellIndicator.m */,
			);
			path = SKSTableView;
			sourceTree = "<group>";
		};
		2BE492F51ED287E60063B884 /* Classes */ = {
			isa = PBXGroup;
			children = (
				2B23AF581EF22A75007EF22A /* Helpers */,
				2B5E97B61EDD3B320006DAD8 /* Constants */,
				2B6029951ED421690011EA01 /* TableViewCell */,
				2B5E97AF1EDD3A8F0006DAD8 /* Model */,
				2B660E1A1EDFA8DF000FC747 /* MP+BackgroundPlayback */,
				2BE492F71ED2881A0063B884 /* RootViewController.h */,
				2BE492F81ED2881A0063B884 /* RootViewController.m */,
				2B35CD2E1EF1216C00584B78 /* Main Youtube List ViewController */,
				2B35CD2C1EF120FC00584B78 /* SettingViewController */,
				2B35CD2D1EF1210D00584B78 /* CategoryViewController */,
				2B35CD2F1EF1219D00584B78 /* YoutubeViewController(Player) */,
				2B5F00541EFCACE100CD4CE9 /* TribeCollectionViewController */,
				2B6534181F27200700B725A4 /* FavoriteViewController */,
				2B35CD241EF11AF700584B78 /* VideoListTableViewController.h */,
				2B35CD251EF11AF700584B78 /* VideoListTableViewController.m */,
			);
			path = Classes;
			sourceTree = "<group>";
		};
		2BE492F61ED287F60063B884 /* Resource */ = {
			isa = PBXGroup;
			children = (
				2BFDD32A1F009A2500667865 /* Pods-StarCraftTV-acknowledgements.plist */,
				2B2702A41F0F831E000AF6B6 /* boot_mod.json */,
				2B0D3BBE1ED53F33008FFC17 /* icons@2x */,
			);
			path = Resource;
			sourceTree = "<group>";
		};
		822E1593D4E8929BDA1703C2 /* Frameworks */ = {
			isa = PBXGroup;
			children = (
				2B4BFAC31F0DC9E2001A9AE2 /* iAd.framework */,
				2B4BFAC11F0DC7C7001A9AE2 /* AssetsLibrary.framework */,
				2BFDDF331F09D6DA007880F4 /* AdSupport.framework */,
				2C9A13671B4EE60CB1C7A23B /* Pods_StarCraftTV.framework */,
			);
			name = Frameworks;
			sourceTree = "<group>";
		};
		C97539A7DCE8C15FEC169048 /* Pods */ = {
			isa = PBXGroup;
			children = (
				3E04D4E6637C9DA116AA7899 /* Pods-StarCraftTV.debug.xcconfig */,
				F9AD7CCBBC50E9E293323C5C /* Pods-StarCraftTV.release.xcconfig */,
			);
			name = Pods;
			sourceTree = "<group>";
		};
/* End PBXGroup section */

/* Begin PBXNativeTarget section */
		2B540C2F1ED272A2000A9879 /* StarCraftTV */ = {
			isa = PBXNativeTarget;
			buildConfigurationList = 2B540C471ED272A2000A9879 /* Build configuration list for PBXNativeTarget "StarCraftTV" */;
			buildPhases = (
				FAAC4FE9F5D0A6307C820018 /* [CP] Check Pods Manifest.lock */,
				2B540C2C1ED272A2000A9879 /* Sources */,
				2B540C2D1ED272A2000A9879 /* Frameworks */,
				2B540C2E1ED272A2000A9879 /* Resources */,
				05C36C25D32382E6471310EC /* [CP] Embed Pods Frameworks */,
				981A044CB5845C378173932F /* [CP] Copy Pods Resources */,
				2B43CEBA1ED2AE4700398AB5 /* ShellScript */,
			);
			buildRules = (
			);
			dependencies = (
			);
			name = StarCraftTV;
			productName = StarCraftTV;
			productReference = 2B540C301ED272A2000A9879 /* StarCraftTV.app */;
			productType = "com.apple.product-type.application";
		};
/* End PBXNativeTarget section */

/* Begin PBXProject section */
		2B540C281ED272A2000A9879 /* Project object */ = {
			isa = PBXProject;
			attributes = {
				LastUpgradeCheck = 0830;
				ORGANIZATIONNAME = HYKo;
				TargetAttributes = {
					2B540C2F1ED272A2000A9879 = {
						CreatedOnToolsVersion = 8.3.2;
						DevelopmentTeam = W8X5QUVR2D;
						ProvisioningStyle = Automatic;
					};
				};
			};
			buildConfigurationList = 2B540C2B1ED272A2000A9879 /* Build configuration list for PBXProject "StarCraftTV" */;
			compatibilityVersion = "Xcode 3.2";
			developmentRegion = English;
			hasScannedForEncodings = 0;
			knownRegions = (
				en,
				Base,
				ko,
			);
			mainGroup = 2B540C271ED272A2000A9879;
			productRefGroup = 2B540C311ED272A2000A9879 /* Products */;
			projectDirPath = "";
			projectRoot = "";
			targets = (
				2B540C2F1ED272A2000A9879 /* StarCraftTV */,
			);
		};
/* End PBXProject section */

/* Begin PBXResourcesBuildPhase section */
		2B540C2E1ED272A2000A9879 /* Resources */ = {
			isa = PBXResourcesBuildPhase;
			buildActionMask = 2147483647;
			files = (
				2BDF203F1ED558CE0078952D /* YoutubeListViewController.xib in Resources */,
				2B3D291F1EF3912A00368116 /* icons8-navigation-Logo@2x.png in Resources */,
				2B5F00531EFCACD400CD4CE9 /* TribeCollectionViewController.xib in Resources */,
				2B0D3BCC1ED53F33008FFC17 /* icons8-search@2x.png in Resources */,
				2B0D3BDD1ED544E6008FFC17 /* CategoryListViewController.xib in Resources */,
				2B5F00591EFCAD4F00CD4CE9 /* TribeCollectionViewCell.xib in Resources */,
				2B65341D1F2722AE00B725A4 /* FavoriteListViewController.xib in Resources */,
				2B8416BE1F206DB800474029 /* Assets.xcassets in Resources */,
				2B0D3BCB1ED53F33008FFC17 /* icons8-menu@2x.png in Resources */,
				2B0D3BCA1ED53F33008FFC17 /* icons8-info@2x.png in Resources */,
				2BD0C0241F18B82600666174 /* Localizable.strings in Resources */,
				2BFDD32B1F009A2500667865 /* Pods-StarCraftTV-acknowledgements.plist in Resources */,
				2B540C431ED272A2000A9879 /* LaunchScreen.storyboard in Resources */,
				2B6534171F27128600B725A4 /* icons8-bookmark_ribbon_filled@2x.png in Resources */,
				2B0D3BCD1ED53F33008FFC17 /* icons8-settings@2x.png in Resources */,
				2B0D3BD81ED544BD008FFC17 /* SettingViewController.xib in Resources */,
				2BAE29E71EFA64BC0018B0D0 /* expandableImage@2x.png in Resources */,
				2B0D3BCE1ED53F33008FFC17 /* icons8-settings_filled@2x.png in Resources */,
				2B23AF661EF24F7B007EF22A /* YTTableViewCell.xib in Resources */,
				2BDF20461ED586040078952D /* icons8-circled_play_filled@2x.png in Resources */,
				2BAE29E61EFA64BC0018B0D0 /* expandableImage.png in Resources */,
				2B80DD1D1F03433900D45D0A /* CommonWebViewController.xib in Resources */,
				2B2702A51F0F831E000AF6B6 /* boot_mod.json in Resources */,
				2B7BB3B61ED3D7CE00913D5C /* GoogleService-Info.plist in Resources */,
				2BDF20441ED562870078952D /* YoutubeViewController.xib in Resources */,
				2B540C3E1ED272A2000A9879 /* Main.storyboard in Resources */,
				2BD4FB7F1EF372F40083143A /* icons8-logo@2x.png in Resources */,
			);
			runOnlyForDeploymentPostprocessing = 0;
		};
/* End PBXResourcesBuildPhase section */

/* Begin PBXShellScriptBuildPhase section */
		05C36C25D32382E6471310EC /* [CP] Embed Pods Frameworks */ = {
			isa = PBXShellScriptBuildPhase;
			buildActionMask = 2147483647;
			files = (
			);
			inputPaths = (
			);
			name = "[CP] Embed Pods Frameworks";
			outputPaths = (
			);
			runOnlyForDeploymentPostprocessing = 0;
			shellPath = /bin/sh;
			shellScript = "\"${SRCROOT}/Pods/Target Support Files/Pods-StarCraftTV/Pods-StarCraftTV-frameworks.sh\"\n";
			showEnvVarsInLog = 0;
		};
		2B43CEBA1ED2AE4700398AB5 /* ShellScript */ = {
			isa = PBXShellScriptBuildPhase;
			buildActionMask = 2147483647;
			files = (
			);
			inputPaths = (
			);
			outputPaths = (
			);
			runOnlyForDeploymentPostprocessing = 0;
			shellPath = /bin/sh;
			shellScript = "./Fabric.framework/run aae3f88b790b6d16353e96c54f74e016a2baae6b bf989de4b91fac66f4c2971b7b69b45727b5933044012c24fdc6994650e27b68";
		};
		981A044CB5845C378173932F /* [CP] Copy Pods Resources */ = {
			isa = PBXShellScriptBuildPhase;
			buildActionMask = 2147483647;
			files = (
			);
			inputPaths = (
			);
			name = "[CP] Copy Pods Resources";
			outputPaths = (
			);
			runOnlyForDeploymentPostprocessing = 0;
			shellPath = /bin/sh;
			shellScript = "\"${SRCROOT}/Pods/Target Support Files/Pods-StarCraftTV/Pods-StarCraftTV-resources.sh\"\n";
			showEnvVarsInLog = 0;
		};
		FAAC4FE9F5D0A6307C820018 /* [CP] Check Pods Manifest.lock */ = {
			isa = PBXShellScriptBuildPhase;
			buildActionMask = 2147483647;
			files = (
			);
			inputPaths = (
			);
			name = "[CP] Check Pods Manifest.lock";
			outputPaths = (
			);
			runOnlyForDeploymentPostprocessing = 0;
			shellPath = /bin/sh;
			shellScript = "diff \"${PODS_PODFILE_DIR_PATH}/Podfile.lock\" \"${PODS_ROOT}/Manifest.lock\" > /dev/null\nif [ $? != 0 ] ; then\n    # print error to STDERR\n    echo \"error: The sandbox is not in sync with the Podfile.lock. Run 'pod install' or update your CocoaPods installation.\" >&2\n    exit 1\nfi\n";
			showEnvVarsInLog = 0;
		};
/* End PBXShellScriptBuildPhase section */

/* Begin PBXSourcesBuildPhase section */
		2B540C2C1ED272A2000A9879 /* Sources */ = {
			isa = PBXSourcesBuildPhase;
			buildActionMask = 2147483647;
			files = (
				2B23AF561EF22A33007EF22A /* YTSearchItem.m in Sources */,
				2B35CD261EF11AF700584B78 /* VideoListTableViewController.m in Sources */,
				2BBEC3871F04967E0006F738 /* YTContentDetailsItem.m in Sources */,
				2BF846C21EF8C1BC00712083 /* CategoryManager.m in Sources */,
				2B540C381ED272A2000A9879 /* AppDelegate.m in Sources */,
				2BA20E111ED2B41900205FCA /* UIAlertView+Additions.m in Sources */,
				2BAE29E91EFA64BC0018B0D0 /* SKSTableViewCell.m in Sources */,
				2BA20E171ED2B41900205FCA /* UIScreen+Additions.m in Sources */,
				2B540C351ED272A2000A9879 /* main.m in Sources */,
				2BA20E151ED2B41900205FCA /* UIButton+Animation.m in Sources */,
				2BA20E1A1ED2B41900205FCA /* UIView+Animations.m in Sources */,
				2B23AF5F1EF22A75007EF22A /* YouTubeAPIHelper.m in Sources */,
				2B0D3BD71ED544BD008FFC17 /* SettingViewController.m in Sources */,
				2BA20E161ED2B41900205FCA /* UIImageView+Additions.m in Sources */,
				2BA20DBE1ED2B3AB00205FCA /* GAManager.m in Sources */,
				2BA20E131ED2B41900205FCA /* UIColor+Additions.m in Sources */,
				2BA20E0B1ED2B41900205FCA /* NSDictionary+Additions.m in Sources */,
				2B23AF641EF24106007EF22A /* YTTableViewCell.m in Sources */,
				2BAE29E81EFA64BC0018B0D0 /* SKSTableView.m in Sources */,
				2B65341C1F2722AE00B725A4 /* FavoriteListViewController.m in Sources */,
				2BA20E221ED2B41900205FCA /* NSData+CommonCrypto.m in Sources */,
				2B5BF3A41F03A9F400160D7B /* UIView_Custom.m in Sources */,
				2BA20E191ED2B41900205FCA /* UIView+Additions.m in Sources */,
				2BA20E201ED2B41900205FCA /* AESCrypt.m in Sources */,
				2BA20E0E1ED2B41900205FCA /* NSNumber+Additions.m in Sources */,
				2BA20E211ED2B41900205FCA /* NSData+Base64.m in Sources */,
				2BA20E0A1ED2B41900205FCA /* NSDate+Additions.m in Sources */,
				2B5F00581EFCAD4F00CD4CE9 /* TribeCollectionViewCell.m in Sources */,
				2B5508A41EF66AE500ABB6BC /* KPDropMenu.m in Sources */,
				2B80DD1C1F03433900D45D0A /* CommonWebViewController.m in Sources */,
				2B0D3BDC1ED544E6008FFC17 /* CategoryListViewController.m in Sources */,
				2BA20E231ED2B41900205FCA /* NSString+Base64.m in Sources */,
				2BA20E141ED2B41900205FCA /* UIButton+Additions.m in Sources */,
				2BA20E181ED2B41900205FCA /* UIScrollView+Additions.m in Sources */,
				2BDF203E1ED558CE0078952D /* YoutubeListViewController.m in Sources */,
				2BA20E101ED2B41900205FCA /* NSString+Additions.m in Sources */,
				2BA20E091ED2B41900205FCA /* NSArray+Additions.m in Sources */,
				2B23AF571EF22A33007EF22A /* YTSnippetItem.m in Sources */,
				2BE492F91ED2881A0063B884 /* RootViewController.m in Sources */,
				2B23AF541EF22A33007EF22A /* YTItem.m in Sources */,
				2BA20E0F1ED2B41900205FCA /* NSObject+Additions.m in Sources */,
				2B23AF551EF22A33007EF22A /* YTPlaylistItem.m in Sources */,
				2B5F00521EFCACD400CD4CE9 /* TribeCollectionViewController.m in Sources */,
				2BA20E0C1ED2B41900205FCA /* NSMutableArray+Additions.m in Sources */,
				2BA20E0D1ED2B41900205FCA /* NSMutableDictionary+Additions.m in Sources */,
				2B660E1D1EDFA8DF000FC747 /* MPMoviePlayerController+BackgroundPlayback.m in Sources */,
				2BDF20431ED562870078952D /* YoutubeViewController.m in Sources */,
				2BAE29EA1EFA64BC0018B0D0 /* SKSTableViewCellIndicator.m in Sources */,
				2BA20E121ED2B41900205FCA /* UIApplication+Additions.m in Sources */,
				2B23AF601EF22A75007EF22A /* YoutubeSearchContants.m in Sources */,
			);
			runOnlyForDeploymentPostprocessing = 0;
		};
/* End PBXSourcesBuildPhase section */

/* Begin PBXVariantGroup section */
		2B540C3C1ED272A2000A9879 /* Main.storyboard */ = {
			isa = PBXVariantGroup;
			children = (
				2B540C3D1ED272A2000A9879 /* Base */,
				2BD0C0201F18B80000666174 /* ko */,
			);
			name = Main.storyboard;
			sourceTree = "<group>";
		};
		2B540C411ED272A2000A9879 /* LaunchScreen.storyboard */ = {
			isa = PBXVariantGroup;
			children = (
				2B540C421ED272A2000A9879 /* Base */,
				2BD0C0211F18B80000666174 /* ko */,
			);
			name = LaunchScreen.storyboard;
			sourceTree = "<group>";
		};
		2BD0C0221F18B82600666174 /* Localizable.strings */ = {
			isa = PBXVariantGroup;
			children = (
				2BD0C0231F18B82600666174 /* Base */,
				2BD0C0251F18B83200666174 /* ko */,
				2BD0C0261F18B83300666174 /* en */,
			);
			name = Localizable.strings;
			sourceTree = "<group>";
		};
/* End PBXVariantGroup section */

/* Begin XCBuildConfiguration section */
		2B540C451ED272A2000A9879 /* Debug */ = {
			isa = XCBuildConfiguration;
			buildSettings = {
				ALWAYS_SEARCH_USER_PATHS = NO;
				CLANG_ANALYZER_LOCALIZABILITY_NONLOCALIZED = YES;
				CLANG_ANALYZER_NONNULL = YES;
				CLANG_ANALYZER_NUMBER_OBJECT_CONVERSION = YES_AGGRESSIVE;
				CLANG_CXX_LANGUAGE_STANDARD = "gnu++0x";
				CLANG_CXX_LIBRARY = "libc++";
				CLANG_ENABLE_MODULES = YES;
				CLANG_ENABLE_OBJC_ARC = YES;
				CLANG_WARN_BOOL_CONVERSION = YES;
				CLANG_WARN_CONSTANT_CONVERSION = YES;
				CLANG_WARN_DIRECT_OBJC_ISA_USAGE = YES_ERROR;
				CLANG_WARN_DOCUMENTATION_COMMENTS = YES;
				CLANG_WARN_EMPTY_BODY = YES;
				CLANG_WARN_ENUM_CONVERSION = YES;
				CLANG_WARN_INFINITE_RECURSION = YES;
				CLANG_WARN_INT_CONVERSION = YES;
				CLANG_WARN_OBJC_ROOT_CLASS = YES_ERROR;
				CLANG_WARN_SUSPICIOUS_MOVE = YES;
				CLANG_WARN_UNREACHABLE_CODE = YES;
				CLANG_WARN__DUPLICATE_METHOD_MATCH = YES;
				"CODE_SIGN_IDENTITY[sdk=iphoneos*]" = "iPhone Developer: Hwa-young Ko (JHMUACT3YE)";
				COPY_PHASE_STRIP = NO;
				DEBUG_INFORMATION_FORMAT = dwarf;
				DEVELOPMENT_TEAM = Y5B74CC6Z6;
				ENABLE_STRICT_OBJC_MSGSEND = YES;
				ENABLE_TESTABILITY = YES;
				GCC_C_LANGUAGE_STANDARD = gnu99;
				GCC_DYNAMIC_NO_PIC = NO;
				GCC_NO_COMMON_BLOCKS = YES;
				GCC_OPTIMIZATION_LEVEL = 0;
				GCC_PREPROCESSOR_DEFINITIONS = (
					"DEBUG=1",
					"$(inherited)",
				);
				GCC_WARN_64_TO_32_BIT_CONVERSION = YES;
				GCC_WARN_ABOUT_RETURN_TYPE = YES_ERROR;
				GCC_WARN_UNDECLARED_SELECTOR = YES;
				GCC_WARN_UNINITIALIZED_AUTOS = YES_AGGRESSIVE;
				GCC_WARN_UNUSED_FUNCTION = YES;
				GCC_WARN_UNUSED_VARIABLE = YES;
				IPHONEOS_DEPLOYMENT_TARGET = 8.0;
				MTL_ENABLE_DEBUG_INFO = YES;
				ONLY_ACTIVE_ARCH = YES;
				PROVISIONING_PROFILE = "a5f78896-9249-48a4-b313-77007a056663";
				SDKROOT = iphoneos;
				VALID_ARCHS = "arm64 armv7 armv7s";
			};
			name = Debug;
		};
		2B540C461ED272A2000A9879 /* Release */ = {
			isa = XCBuildConfiguration;
			buildSettings = {
				ALWAYS_SEARCH_USER_PATHS = NO;
				CLANG_ANALYZER_LOCALIZABILITY_NONLOCALIZED = YES;
				CLANG_ANALYZER_NONNULL = YES;
				CLANG_ANALYZER_NUMBER_OBJECT_CONVERSION = YES_AGGRESSIVE;
				CLANG_CXX_LANGUAGE_STANDARD = "gnu++0x";
				CLANG_CXX_LIBRARY = "libc++";
				CLANG_ENABLE_MODULES = YES;
				CLANG_ENABLE_OBJC_ARC = YES;
				CLANG_WARN_BOOL_CONVERSION = YES;
				CLANG_WARN_CONSTANT_CONVERSION = YES;
				CLANG_WARN_DIRECT_OBJC_ISA_USAGE = YES_ERROR;
				CLANG_WARN_DOCUMENTATION_COMMENTS = YES;
				CLANG_WARN_EMPTY_BODY = YES;
				CLANG_WARN_ENUM_CONVERSION = YES;
				CLANG_WARN_INFINITE_RECURSION = YES;
				CLANG_WARN_INT_CONVERSION = YES;
				CLANG_WARN_OBJC_ROOT_CLASS = YES_ERROR;
				CLANG_WARN_SUSPICIOUS_MOVE = YES;
				CLANG_WARN_UNREACHABLE_CODE = YES;
				CLANG_WARN__DUPLICATE_METHOD_MATCH = YES;
				"CODE_SIGN_IDENTITY[sdk=iphoneos*]" = "iPhone Developer: Hwa-young Ko (JHMUACT3YE)";
				COPY_PHASE_STRIP = NO;
				DEBUG_INFORMATION_FORMAT = "dwarf-with-dsym";
				DEVELOPMENT_TEAM = Y5B74CC6Z6;
				ENABLE_NS_ASSERTIONS = NO;
				ENABLE_STRICT_OBJC_MSGSEND = YES;
				GCC_C_LANGUAGE_STANDARD = gnu99;
				GCC_NO_COMMON_BLOCKS = YES;
				GCC_WARN_64_TO_32_BIT_CONVERSION = YES;
				GCC_WARN_ABOUT_RETURN_TYPE = YES_ERROR;
				GCC_WARN_UNDECLARED_SELECTOR = YES;
				GCC_WARN_UNINITIALIZED_AUTOS = YES_AGGRESSIVE;
				GCC_WARN_UNUSED_FUNCTION = YES;
				GCC_WARN_UNUSED_VARIABLE = YES;
				IPHONEOS_DEPLOYMENT_TARGET = 8.0;
				MTL_ENABLE_DEBUG_INFO = NO;
				PROVISIONING_PROFILE = "a5f78896-9249-48a4-b313-77007a056663";
				SDKROOT = iphoneos;
				VALIDATE_PRODUCT = YES;
				VALID_ARCHS = "arm64 armv7 armv7s";
			};
			name = Release;
		};
		2B540C481ED272A2000A9879 /* Debug */ = {
			isa = XCBuildConfiguration;
			baseConfigurationReference = 3E04D4E6637C9DA116AA7899 /* Pods-StarCraftTV.debug.xcconfig */;
			buildSettings = {
				ASSETCATALOG_COMPILER_APPICON_NAME = AppIcon;
				ASSETCATALOG_COMPILER_LAUNCHIMAGE_NAME = LImages;
				CODE_SIGN_IDENTITY = "iPhone Developer";
				"CODE_SIGN_IDENTITY[sdk=iphoneos*]" = "iPhone Developer";
				DEBUG_INFORMATION_FORMAT = "dwarf-with-dsym";
				DEVELOPMENT_TEAM = W8X5QUVR2D;
				INFOPLIST_FILE = StarCraftTV/Info.plist;
				LD_RUNPATH_SEARCH_PATHS = "$(inherited) @executable_path/Frameworks";
				LIBRARY_SEARCH_PATHS = (
					"$(inherited)",
					"$(PROJECT_DIR)/StarCraftTV/Library/GoogleAnalytics",
				);
				PRODUCT_BUNDLE_IDENTIFIER = com.starcraft.tv.app;
				PRODUCT_NAME = "$(TARGET_NAME)";
				PROVISIONING_PROFILE = "";
			};
			name = Debug;
		};
		2B540C491ED272A2000A9879 /* Release */ = {
			isa = XCBuildConfiguration;
			baseConfigurationReference = F9AD7CCBBC50E9E293323C5C /* Pods-StarCraftTV.release.xcconfig */;
			buildSettings = {
				ASSETCATALOG_COMPILER_APPICON_NAME = AppIcon;
				ASSETCATALOG_COMPILER_LAUNCHIMAGE_NAME = LImages;
				CODE_SIGN_IDENTITY = "iPhone Developer";
				"CODE_SIGN_IDENTITY[sdk=iphoneos*]" = "iPhone Developer";
				DEVELOPMENT_TEAM = W8X5QUVR2D;
				INFOPLIST_FILE = StarCraftTV/Info.plist;
				LD_RUNPATH_SEARCH_PATHS = "$(inherited) @executable_path/Frameworks";
				LIBRARY_SEARCH_PATHS = (
					"$(inherited)",
					"$(PROJECT_DIR)/StarCraftTV/Library/GoogleAnalytics",
				);
				PRODUCT_BUNDLE_IDENTIFIER = com.starcraft.tv.app;
				PRODUCT_NAME = "$(TARGET_NAME)";
				PROVISIONING_PROFILE = "";
			};
			name = Release;
		};
/* End XCBuildConfiguration section */

/* Begin XCConfigurationList section */
		2B540C2B1ED272A2000A9879 /* Build configuration list for PBXProject "StarCraftTV" */ = {
			isa = XCConfigurationList;
			buildConfigurations = (
				2B540C451ED272A2000A9879 /* Debug */,
				2B540C461ED272A2000A9879 /* Release */,
			);
			defaultConfigurationIsVisible = 0;
			defaultConfigurationName = Release;
		};
		2B540C471ED272A2000A9879 /* Build configuration list for PBXNativeTarget "StarCraftTV" */ = {
			isa = XCConfigurationList;
			buildConfigurations = (
				2B540C481ED272A2000A9879 /* Debug */,
				2B540C491ED272A2000A9879 /* Release */,
			);
			defaultConfigurationIsVisible = 0;
			defaultConfigurationName = Release;
		};
/* End XCConfigurationList section */
	};
	rootObject = 2B540C281ED272A2000A9879 /* Project object */;
}
