// !$*UTF8*$!
{
	archiveVersion = 1;
	classes = {
	};
	objectVersion = 46;
	objects = {

/* Begin PBXBuildFile section */
		2B0D3BCA1ED53F33008FFC17 /* icons8-info@2x.png in Resources */ = {isa = PBXBuildFile; fileRef = 2B0D3BBF1ED53F33008FFC17 /* icons8-info@2x.png */; };
		2B0D3BCB1ED53F33008FFC17 /* icons8-menu@2x.png in Resources */ = {isa = PBXBuildFile; fileRef = 2B0D3BC01ED53F33008FFC17 /* icons8-menu@2x.png */; };
		2B0D3BCC1ED53F33008FFC17 /* icons8-search@2x.png in Resources */ = {isa = PBXBuildFile; fileRef = 2B0D3BC11ED53F33008FFC17 /* icons8-search@2x.png */; };
		2B0D3BCD1ED53F33008FFC17 /* icons8-settings@2x.png in Resources */ = {isa = PBXBuildFile; fileRef = 2B0D3BC21ED53F33008FFC17 /* icons8-settings@2x.png */; };
		2B0D3BCE1ED53F33008FFC17 /* icons8-settings_filled@2x.png in Resources */ = {isa = PBXBuildFile; fileRef = 2B0D3BC31ED53F33008FFC17 /* icons8-settings_filled@2x.png */; };
		2B0D3BCF1ED53F33008FFC17 /* icons8-info@3x.png in Resources */ = {isa = PBXBuildFile; fileRef = 2B0D3BC51ED53F33008FFC17 /* icons8-info@3x.png */; };
		2B0D3BD01ED53F33008FFC17 /* icons8-menu@3x.png in Resources */ = {isa = PBXBuildFile; fileRef = 2B0D3BC61ED53F33008FFC17 /* icons8-menu@3x.png */; };
		2B0D3BD11ED53F33008FFC17 /* icons8-search@3x.png in Resources */ = {isa = PBXBuildFile; fileRef = 2B0D3BC71ED53F33008FFC17 /* icons8-search@3x.png */; };
		2B0D3BD21ED53F33008FFC17 /* icons8-settings@3x.png in Resources */ = {isa = PBXBuildFile; fileRef = 2B0D3BC81ED53F33008FFC17 /* icons8-settings@3x.png */; };
		2B0D3BD31ED53F33008FFC17 /* icons8-settings_filled@3x.png in Resources */ = {isa = PBXBuildFile; fileRef = 2B0D3BC91ED53F33008FFC17 /* icons8-settings_filled@3x.png */; };
		2B0D3BD71ED544BD008FFC17 /* SettingViewController.m in Sources */ = {isa = PBXBuildFile; fileRef = 2B0D3BD51ED544BD008FFC17 /* SettingViewController.m */; };
		2B0D3BD81ED544BD008FFC17 /* SettingViewController.xib in Resources */ = {isa = PBXBuildFile; fileRef = 2B0D3BD61ED544BD008FFC17 /* SettingViewController.xib */; };
		2B0D3BDC1ED544E6008FFC17 /* CategoryListViewController.m in Sources */ = {isa = PBXBuildFile; fileRef = 2B0D3BDA1ED544E6008FFC17 /* CategoryListViewController.m */; };
		2B0D3BDD1ED544E6008FFC17 /* CategoryListViewController.xib in Resources */ = {isa = PBXBuildFile; fileRef = 2B0D3BDB1ED544E6008FFC17 /* CategoryListViewController.xib */; };
		2B540C351ED272A2000A9879 /* main.m in Sources */ = {isa = PBXBuildFile; fileRef = 2B540C341ED272A2000A9879 /* main.m */; };
		2B540C381ED272A2000A9879 /* AppDelegate.m in Sources */ = {isa = PBXBuildFile; fileRef = 2B540C371ED272A2000A9879 /* AppDelegate.m */; };
		2B540C3E1ED272A2000A9879 /* Main.storyboard in Resources */ = {isa = PBXBuildFile; fileRef = 2B540C3C1ED272A2000A9879 /* Main.storyboard */; };
		2B540C401ED272A2000A9879 /* Assets.xcassets in Resources */ = {isa = PBXBuildFile; fileRef = 2B540C3F1ED272A2000A9879 /* Assets.xcassets */; };
		2B540C431ED272A2000A9879 /* LaunchScreen.storyboard in Resources */ = {isa = PBXBuildFile; fileRef = 2B540C411ED272A2000A9879 /* LaunchScreen.storyboard */; };
		2B7BB3B61ED3D7CE00913D5C /* GoogleService-Info.plist in Resources */ = {isa = PBXBuildFile; fileRef = 2B7BB3B51ED3D7CE00913D5C /* GoogleService-Info.plist */; };
		2B7BB3BA1ED3DC1000913D5C /* CollectionViewCell.m in Sources */ = {isa = PBXBuildFile; fileRef = 2B7BB3B81ED3DC1000913D5C /* CollectionViewCell.m */; };
		2B7BB3BB1ED3DC1000913D5C /* CollectionViewCell.xib in Resources */ = {isa = PBXBuildFile; fileRef = 2B7BB3B91ED3DC1000913D5C /* CollectionViewCell.xib */; };
		2BA20DBE1ED2B3AB00205FCA /* GAManager.m in Sources */ = {isa = PBXBuildFile; fileRef = 2BA20DBD1ED2B3AB00205FCA /* GAManager.m */; };
		2BA20E091ED2B41900205FCA /* NSArray+Additions.m in Sources */ = {isa = PBXBuildFile; fileRef = 2BA20DC21ED2B41900205FCA /* NSArray+Additions.m */; };
		2BA20E0A1ED2B41900205FCA /* NSDate+Additions.m in Sources */ = {isa = PBXBuildFile; fileRef = 2BA20DC41ED2B41900205FCA /* NSDate+Additions.m */; };
		2BA20E0B1ED2B41900205FCA /* NSDictionary+Additions.m in Sources */ = {isa = PBXBuildFile; fileRef = 2BA20DC61ED2B41900205FCA /* NSDictionary+Additions.m */; };
		2BA20E0C1ED2B41900205FCA /* NSMutableArray+Additions.m in Sources */ = {isa = PBXBuildFile; fileRef = 2BA20DC81ED2B41900205FCA /* NSMutableArray+Additions.m */; };
		2BA20E0D1ED2B41900205FCA /* NSMutableDictionary+Additions.m in Sources */ = {isa = PBXBuildFile; fileRef = 2BA20DCA1ED2B41900205FCA /* NSMutableDictionary+Additions.m */; };
		2BA20E0E1ED2B41900205FCA /* NSNumber+Additions.m in Sources */ = {isa = PBXBuildFile; fileRef = 2BA20DCC1ED2B41900205FCA /* NSNumber+Additions.m */; };
		2BA20E0F1ED2B41900205FCA /* NSObject+Additions.m in Sources */ = {isa = PBXBuildFile; fileRef = 2BA20DCE1ED2B41900205FCA /* NSObject+Additions.m */; };
		2BA20E101ED2B41900205FCA /* NSString+Additions.m in Sources */ = {isa = PBXBuildFile; fileRef = 2BA20DD01ED2B41900205FCA /* NSString+Additions.m */; };
		2BA20E111ED2B41900205FCA /* UIAlertView+Additions.m in Sources */ = {isa = PBXBuildFile; fileRef = 2BA20DD21ED2B41900205FCA /* UIAlertView+Additions.m */; };
		2BA20E121ED2B41900205FCA /* UIApplication+Additions.m in Sources */ = {isa = PBXBuildFile; fileRef = 2BA20DD41ED2B41900205FCA /* UIApplication+Additions.m */; };
		2BA20E131ED2B41900205FCA /* UIColor+Additions.m in Sources */ = {isa = PBXBuildFile; fileRef = 2BA20DD61ED2B41900205FCA /* UIColor+Additions.m */; };
		2BA20E141ED2B41900205FCA /* UIButton+Additions.m in Sources */ = {isa = PBXBuildFile; fileRef = 2BA20DDA1ED2B41900205FCA /* UIButton+Additions.m */; };
		2BA20E151ED2B41900205FCA /* UIButton+Animation.m in Sources */ = {isa = PBXBuildFile; fileRef = 2BA20DDC1ED2B41900205FCA /* UIButton+Animation.m */; };
		2BA20E161ED2B41900205FCA /* UIImageView+Additions.m in Sources */ = {isa = PBXBuildFile; fileRef = 2BA20DDE1ED2B41900205FCA /* UIImageView+Additions.m */; };
		2BA20E171ED2B41900205FCA /* UIScreen+Additions.m in Sources */ = {isa = PBXBuildFile; fileRef = 2BA20DE01ED2B41900205FCA /* UIScreen+Additions.m */; };
		2BA20E181ED2B41900205FCA /* UIScrollView+Additions.m in Sources */ = {isa = PBXBuildFile; fileRef = 2BA20DE21ED2B41900205FCA /* UIScrollView+Additions.m */; };
		2BA20E191ED2B41900205FCA /* UIView+Additions.m in Sources */ = {isa = PBXBuildFile; fileRef = 2BA20DE41ED2B41900205FCA /* UIView+Additions.m */; };
		2BA20E1A1ED2B41900205FCA /* UIView+Animations.m in Sources */ = {isa = PBXBuildFile; fileRef = 2BA20DE61ED2B41900205FCA /* UIView+Animations.m */; };
		2BA20E201ED2B41900205FCA /* AESCrypt.m in Sources */ = {isa = PBXBuildFile; fileRef = 2BA20DF71ED2B41900205FCA /* AESCrypt.m */; };
		2BA20E211ED2B41900205FCA /* NSData+Base64.m in Sources */ = {isa = PBXBuildFile; fileRef = 2BA20DF91ED2B41900205FCA /* NSData+Base64.m */; };
		2BA20E221ED2B41900205FCA /* NSData+CommonCrypto.m in Sources */ = {isa = PBXBuildFile; fileRef = 2BA20DFB1ED2B41900205FCA /* NSData+CommonCrypto.m */; };
		2BA20E231ED2B41900205FCA /* NSString+Base64.m in Sources */ = {isa = PBXBuildFile; fileRef = 2BA20DFD1ED2B41900205FCA /* NSString+Base64.m */; };
		2BDF203E1ED558CE0078952D /* YoutubeListViewController.m in Sources */ = {isa = PBXBuildFile; fileRef = 2BDF203C1ED558CE0078952D /* YoutubeListViewController.m */; };
		2BDF203F1ED558CE0078952D /* YoutubeListViewController.xib in Resources */ = {isa = PBXBuildFile; fileRef = 2BDF203D1ED558CE0078952D /* YoutubeListViewController.xib */; };
		2BDF20431ED562870078952D /* YoutubeViewController.m in Sources */ = {isa = PBXBuildFile; fileRef = 2BDF20411ED562870078952D /* YoutubeViewController.m */; };
		2BDF20441ED562870078952D /* YoutubeViewController.xib in Resources */ = {isa = PBXBuildFile; fileRef = 2BDF20421ED562870078952D /* YoutubeViewController.xib */; };
		2BDF20461ED586040078952D /* icons8-circled_play_filled@2x.png in Resources */ = {isa = PBXBuildFile; fileRef = 2BDF20451ED586040078952D /* icons8-circled_play_filled@2x.png */; };
		2BDF20481ED5860A0078952D /* icons8-circled_play_filled@3x.png in Resources */ = {isa = PBXBuildFile; fileRef = 2BDF20471ED5860A0078952D /* icons8-circled_play_filled@3x.png */; };
		2BE492F91ED2881A0063B884 /* RootViewController.m in Sources */ = {isa = PBXBuildFile; fileRef = 2BE492F81ED2881A0063B884 /* RootViewController.m */; };
		2BE492FC1ED2882E0063B884 /* BaseViewController.m in Sources */ = {isa = PBXBuildFile; fileRef = 2BE492FB1ED2882E0063B884 /* BaseViewController.m */; };
		D76AABA4BDEE5893AC881868 /* Pods_StarCraftTV.framework in Frameworks */ = {isa = PBXBuildFile; fileRef = 2C9A13671B4EE60CB1C7A23B /* Pods_StarCraftTV.framework */; };
/* End PBXBuildFile section */

/* Begin PBXFileReference section */
		2B0D3BBF1ED53F33008FFC17 /* icons8-info@2x.png */ = {isa = PBXFileReference; lastKnownFileType = image.png; path = "icons8-info@2x.png"; sourceTree = "<group>"; };
		2B0D3BC01ED53F33008FFC17 /* icons8-menu@2x.png */ = {isa = PBXFileReference; lastKnownFileType = image.png; path = "icons8-menu@2x.png"; sourceTree = "<group>"; };
		2B0D3BC11ED53F33008FFC17 /* icons8-search@2x.png */ = {isa = PBXFileReference; lastKnownFileType = image.png; path = "icons8-search@2x.png"; sourceTree = "<group>"; };
		2B0D3BC21ED53F33008FFC17 /* icons8-settings@2x.png */ = {isa = PBXFileReference; lastKnownFileType = image.png; path = "icons8-settings@2x.png"; sourceTree = "<group>"; };
		2B0D3BC31ED53F33008FFC17 /* icons8-settings_filled@2x.png */ = {isa = PBXFileReference; lastKnownFileType = image.png; path = "icons8-settings_filled@2x.png"; sourceTree = "<group>"; };
		2B0D3BC51ED53F33008FFC17 /* icons8-info@3x.png */ = {isa = PBXFileReference; lastKnownFileType = image.png; path = "icons8-info@3x.png"; sourceTree = "<group>"; };
		2B0D3BC61ED53F33008FFC17 /* icons8-menu@3x.png */ = {isa = PBXFileReference; lastKnownFileType = image.png; path = "icons8-menu@3x.png"; sourceTree = "<group>"; };
		2B0D3BC71ED53F33008FFC17 /* icons8-search@3x.png */ = {isa = PBXFileReference; lastKnownFileType = image.png; path = "icons8-search@3x.png"; sourceTree = "<group>"; };
		2B0D3BC81ED53F33008FFC17 /* icons8-settings@3x.png */ = {isa = PBXFileReference; lastKnownFileType = image.png; path = "icons8-settings@3x.png"; sourceTree = "<group>"; };
		2B0D3BC91ED53F33008FFC17 /* icons8-settings_filled@3x.png */ = {isa = PBXFileReference; lastKnownFileType = image.png; path = "icons8-settings_filled@3x.png"; sourceTree = "<group>"; };
		2B0D3BD41ED544BC008FFC17 /* SettingViewController.h */ = {isa = PBXFileReference; fileEncoding = 4; lastKnownFileType = sourcecode.c.h; path = SettingViewController.h; sourceTree = "<group>"; };
		2B0D3BD51ED544BD008FFC17 /* SettingViewController.m */ = {isa = PBXFileReference; fileEncoding = 4; lastKnownFileType = sourcecode.c.objc; path = SettingViewController.m; sourceTree = "<group>"; };
		2B0D3BD61ED544BD008FFC17 /* SettingViewController.xib */ = {isa = PBXFileReference; fileEncoding = 4; lastKnownFileType = file.xib; path = SettingViewController.xib; sourceTree = "<group>"; };
		2B0D3BD91ED544E6008FFC17 /* CategoryListViewController.h */ = {isa = PBXFileReference; fileEncoding = 4; lastKnownFileType = sourcecode.c.h; path = CategoryListViewController.h; sourceTree = "<group>"; };
		2B0D3BDA1ED544E6008FFC17 /* CategoryListViewController.m */ = {isa = PBXFileReference; fileEncoding = 4; lastKnownFileType = sourcecode.c.objc; path = CategoryListViewController.m; sourceTree = "<group>"; };
		2B0D3BDB1ED544E6008FFC17 /* CategoryListViewController.xib */ = {isa = PBXFileReference; fileEncoding = 4; lastKnownFileType = file.xib; path = CategoryListViewController.xib; sourceTree = "<group>"; };
		2B540C301ED272A2000A9879 /* StarCraftTV.app */ = {isa = PBXFileReference; explicitFileType = wrapper.application; includeInIndex = 0; path = StarCraftTV.app; sourceTree = BUILT_PRODUCTS_DIR; };
		2B540C341ED272A2000A9879 /* main.m */ = {isa = PBXFileReference; lastKnownFileType = sourcecode.c.objc; path = main.m; sourceTree = "<group>"; };
		2B540C361ED272A2000A9879 /* AppDelegate.h */ = {isa = PBXFileReference; lastKnownFileType = sourcecode.c.h; path = AppDelegate.h; sourceTree = "<group>"; };
		2B540C371ED272A2000A9879 /* AppDelegate.m */ = {isa = PBXFileReference; lastKnownFileType = sourcecode.c.objc; path = AppDelegate.m; sourceTree = "<group>"; };
		2B540C3D1ED272A2000A9879 /* Base */ = {isa = PBXFileReference; lastKnownFileType = file.storyboard; name = Base; path = Base.lproj/Main.storyboard; sourceTree = "<group>"; };
		2B540C3F1ED272A2000A9879 /* Assets.xcassets */ = {isa = PBXFileReference; lastKnownFileType = folder.assetcatalog; path = Assets.xcassets; sourceTree = "<group>"; };
		2B540C421ED272A2000A9879 /* Base */ = {isa = PBXFileReference; lastKnownFileType = file.storyboard; name = Base; path = Base.lproj/LaunchScreen.storyboard; sourceTree = "<group>"; };
		2B540C441ED272A2000A9879 /* Info.plist */ = {isa = PBXFileReference; lastKnownFileType = text.plist.xml; path = Info.plist; sourceTree = "<group>"; };
		2B7BB3B51ED3D7CE00913D5C /* GoogleService-Info.plist */ = {isa = PBXFileReference; fileEncoding = 4; lastKnownFileType = text.plist.xml; path = "GoogleService-Info.plist"; sourceTree = "<group>"; };
		2B7BB3B71ED3DC1000913D5C /* CollectionViewCell.h */ = {isa = PBXFileReference; fileEncoding = 4; lastKnownFileType = sourcecode.c.h; path = CollectionViewCell.h; sourceTree = "<group>"; };
		2B7BB3B81ED3DC1000913D5C /* CollectionViewCell.m */ = {isa = PBXFileReference; fileEncoding = 4; lastKnownFileType = sourcecode.c.objc; path = CollectionViewCell.m; sourceTree = "<group>"; };
		2B7BB3B91ED3DC1000913D5C /* CollectionViewCell.xib */ = {isa = PBXFileReference; fileEncoding = 4; lastKnownFileType = file.xib; path = CollectionViewCell.xib; sourceTree = "<group>"; };
		2BA20DBC1ED2B3AB00205FCA /* GAManager.h */ = {isa = PBXFileReference; fileEncoding = 4; lastKnownFileType = sourcecode.c.h; path = GAManager.h; sourceTree = "<group>"; };
		2BA20DBD1ED2B3AB00205FCA /* GAManager.m */ = {isa = PBXFileReference; fileEncoding = 4; lastKnownFileType = sourcecode.c.objc; path = GAManager.m; sourceTree = "<group>"; };
		2BA20DC11ED2B41900205FCA /* NSArray+Additions.h */ = {isa = PBXFileReference; fileEncoding = 4; lastKnownFileType = sourcecode.c.h; path = "NSArray+Additions.h"; sourceTree = "<group>"; };
		2BA20DC21ED2B41900205FCA /* NSArray+Additions.m */ = {isa = PBXFileReference; fileEncoding = 4; lastKnownFileType = sourcecode.c.objc; path = "NSArray+Additions.m"; sourceTree = "<group>"; };
		2BA20DC31ED2B41900205FCA /* NSDate+Additions.h */ = {isa = PBXFileReference; fileEncoding = 4; lastKnownFileType = sourcecode.c.h; path = "NSDate+Additions.h"; sourceTree = "<group>"; };
		2BA20DC41ED2B41900205FCA /* NSDate+Additions.m */ = {isa = PBXFileReference; fileEncoding = 4; lastKnownFileType = sourcecode.c.objc; path = "NSDate+Additions.m"; sourceTree = "<group>"; };
		2BA20DC51ED2B41900205FCA /* NSDictionary+Additions.h */ = {isa = PBXFileReference; fileEncoding = 4; lastKnownFileType = sourcecode.c.h; path = "NSDictionary+Additions.h"; sourceTree = "<group>"; };
		2BA20DC61ED2B41900205FCA /* NSDictionary+Additions.m */ = {isa = PBXFileReference; fileEncoding = 4; lastKnownFileType = sourcecode.c.objc; path = "NSDictionary+Additions.m"; sourceTree = "<group>"; };
		2BA20DC71ED2B41900205FCA /* NSMutableArray+Additions.h */ = {isa = PBXFileReference; fileEncoding = 4; lastKnownFileType = sourcecode.c.h; path = "NSMutableArray+Additions.h"; sourceTree = "<group>"; };
		2BA20DC81ED2B41900205FCA /* NSMutableArray+Additions.m */ = {isa = PBXFileReference; fileEncoding = 4; lastKnownFileType = sourcecode.c.objc; path = "NSMutableArray+Additions.m"; sourceTree = "<group>"; };
		2BA20DC91ED2B41900205FCA /* NSMutableDictionary+Additions.h */ = {isa = PBXFileReference; fileEncoding = 4; lastKnownFileType = sourcecode.c.h; path = "NSMutableDictionary+Additions.h"; sourceTree = "<group>"; };
		2BA20DCA1ED2B41900205FCA /* NSMutableDictionary+Additions.m */ = {isa = PBXFileReference; fileEncoding = 4; lastKnownFileType = sourcecode.c.objc; path = "NSMutableDictionary+Additions.m"; sourceTree = "<group>"; };
		2BA20DCB1ED2B41900205FCA /* NSNumber+Additions.h */ = {isa = PBXFileReference; fileEncoding = 4; lastKnownFileType = sourcecode.c.h; path = "NSNumber+Additions.h"; sourceTree = "<group>"; };
		2BA20DCC1ED2B41900205FCA /* NSNumber+Additions.m */ = {isa = PBXFileReference; fileEncoding = 4; lastKnownFileType = sourcecode.c.objc; path = "NSNumber+Additions.m"; sourceTree = "<group>"; };
		2BA20DCD1ED2B41900205FCA /* NSObject+Additions.h */ = {isa = PBXFileReference; fileEncoding = 4; lastKnownFileType = sourcecode.c.h; path = "NSObject+Additions.h"; sourceTree = "<group>"; };
		2BA20DCE1ED2B41900205FCA /* NSObject+Additions.m */ = {isa = PBXFileReference; fileEncoding = 4; lastKnownFileType = sourcecode.c.objc; path = "NSObject+Additions.m"; sourceTree = "<group>"; };
		2BA20DCF1ED2B41900205FCA /* NSString+Additions.h */ = {isa = PBXFileReference; fileEncoding = 4; lastKnownFileType = sourcecode.c.h; path = "NSString+Additions.h"; sourceTree = "<group>"; };
		2BA20DD01ED2B41900205FCA /* NSString+Additions.m */ = {isa = PBXFileReference; fileEncoding = 4; lastKnownFileType = sourcecode.c.objc; path = "NSString+Additions.m"; sourceTree = "<group>"; };
		2BA20DD11ED2B41900205FCA /* UIAlertView+Additions.h */ = {isa = PBXFileReference; fileEncoding = 4; lastKnownFileType = sourcecode.c.h; path = "UIAlertView+Additions.h"; sourceTree = "<group>"; };
		2BA20DD21ED2B41900205FCA /* UIAlertView+Additions.m */ = {isa = PBXFileReference; fileEncoding = 4; lastKnownFileType = sourcecode.c.objc; path = "UIAlertView+Additions.m"; sourceTree = "<group>"; };
		2BA20DD31ED2B41900205FCA /* UIApplication+Additions.h */ = {isa = PBXFileReference; fileEncoding = 4; lastKnownFileType = sourcecode.c.h; path = "UIApplication+Additions.h"; sourceTree = "<group>"; };
		2BA20DD41ED2B41900205FCA /* UIApplication+Additions.m */ = {isa = PBXFileReference; fileEncoding = 4; lastKnownFileType = sourcecode.c.objc; path = "UIApplication+Additions.m"; sourceTree = "<group>"; };
		2BA20DD51ED2B41900205FCA /* UIColor+Additions.h */ = {isa = PBXFileReference; fileEncoding = 4; lastKnownFileType = sourcecode.c.h; path = "UIColor+Additions.h"; sourceTree = "<group>"; };
		2BA20DD61ED2B41900205FCA /* UIColor+Additions.m */ = {isa = PBXFileReference; fileEncoding = 4; lastKnownFileType = sourcecode.c.objc; path = "UIColor+Additions.m"; sourceTree = "<group>"; };
		2BA20DD71ED2B41900205FCA /* TF_Additions.h */ = {isa = PBXFileReference; fileEncoding = 4; lastKnownFileType = sourcecode.c.h; path = TF_Additions.h; sourceTree = "<group>"; };
		2BA20DD91ED2B41900205FCA /* UIButton+Additions.h */ = {isa = PBXFileReference; fileEncoding = 4; lastKnownFileType = sourcecode.c.h; path = "UIButton+Additions.h"; sourceTree = "<group>"; };
		2BA20DDA1ED2B41900205FCA /* UIButton+Additions.m */ = {isa = PBXFileReference; fileEncoding = 4; lastKnownFileType = sourcecode.c.objc; path = "UIButton+Additions.m"; sourceTree = "<group>"; };
		2BA20DDB1ED2B41900205FCA /* UIButton+Animation.h */ = {isa = PBXFileReference; fileEncoding = 4; lastKnownFileType = sourcecode.c.h; path = "UIButton+Animation.h"; sourceTree = "<group>"; };
		2BA20DDC1ED2B41900205FCA /* UIButton+Animation.m */ = {isa = PBXFileReference; fileEncoding = 4; lastKnownFileType = sourcecode.c.objc; path = "UIButton+Animation.m"; sourceTree = "<group>"; };
		2BA20DDD1ED2B41900205FCA /* UIImageView+Additions.h */ = {isa = PBXFileReference; fileEncoding = 4; lastKnownFileType = sourcecode.c.h; path = "UIImageView+Additions.h"; sourceTree = "<group>"; };
		2BA20DDE1ED2B41900205FCA /* UIImageView+Additions.m */ = {isa = PBXFileReference; fileEncoding = 4; lastKnownFileType = sourcecode.c.objc; path = "UIImageView+Additions.m"; sourceTree = "<group>"; };
		2BA20DDF1ED2B41900205FCA /* UIScreen+Additions.h */ = {isa = PBXFileReference; fileEncoding = 4; lastKnownFileType = sourcecode.c.h; path = "UIScreen+Additions.h"; sourceTree = "<group>"; };
		2BA20DE01ED2B41900205FCA /* UIScreen+Additions.m */ = {isa = PBXFileReference; fileEncoding = 4; lastKnownFileType = sourcecode.c.objc; path = "UIScreen+Additions.m"; sourceTree = "<group>"; };
		2BA20DE11ED2B41900205FCA /* UIScrollView+Additions.h */ = {isa = PBXFileReference; fileEncoding = 4; lastKnownFileType = sourcecode.c.h; path = "UIScrollView+Additions.h"; sourceTree = "<group>"; };
		2BA20DE21ED2B41900205FCA /* UIScrollView+Additions.m */ = {isa = PBXFileReference; fileEncoding = 4; lastKnownFileType = sourcecode.c.objc; path = "UIScrollView+Additions.m"; sourceTree = "<group>"; };
		2BA20DE31ED2B41900205FCA /* UIView+Additions.h */ = {isa = PBXFileReference; fileEncoding = 4; lastKnownFileType = sourcecode.c.h; path = "UIView+Additions.h"; sourceTree = "<group>"; };
		2BA20DE41ED2B41900205FCA /* UIView+Additions.m */ = {isa = PBXFileReference; fileEncoding = 4; lastKnownFileType = sourcecode.c.objc; path = "UIView+Additions.m"; sourceTree = "<group>"; };
		2BA20DE51ED2B41900205FCA /* UIView+Animations.h */ = {isa = PBXFileReference; fileEncoding = 4; lastKnownFileType = sourcecode.c.h; path = "UIView+Animations.h"; sourceTree = "<group>"; };
		2BA20DE61ED2B41900205FCA /* UIView+Animations.m */ = {isa = PBXFileReference; fileEncoding = 4; lastKnownFileType = sourcecode.c.objc; path = "UIView+Animations.m"; sourceTree = "<group>"; };
		2BA20DF31ED2B41900205FCA /* TF_Core.h */ = {isa = PBXFileReference; fileEncoding = 4; lastKnownFileType = sourcecode.c.h; path = TF_Core.h; sourceTree = "<group>"; };
		2BA20DF41ED2B41900205FCA /* TF_Singleton.h */ = {isa = PBXFileReference; fileEncoding = 4; lastKnownFileType = sourcecode.c.h; path = TF_Singleton.h; sourceTree = "<group>"; };
		2BA20DF61ED2B41900205FCA /* AESCrypt.h */ = {isa = PBXFileReference; fileEncoding = 4; lastKnownFileType = sourcecode.c.h; path = AESCrypt.h; sourceTree = "<group>"; };
		2BA20DF71ED2B41900205FCA /* AESCrypt.m */ = {isa = PBXFileReference; fileEncoding = 4; lastKnownFileType = sourcecode.c.objc; path = AESCrypt.m; sourceTree = "<group>"; };
		2BA20DF81ED2B41900205FCA /* NSData+Base64.h */ = {isa = PBXFileReference; fileEncoding = 4; lastKnownFileType = sourcecode.c.h; path = "NSData+Base64.h"; sourceTree = "<group>"; };
		2BA20DF91ED2B41900205FCA /* NSData+Base64.m */ = {isa = PBXFileReference; fileEncoding = 4; lastKnownFileType = sourcecode.c.objc; path = "NSData+Base64.m"; sourceTree = "<group>"; };
		2BA20DFA1ED2B41900205FCA /* NSData+CommonCrypto.h */ = {isa = PBXFileReference; fileEncoding = 4; lastKnownFileType = sourcecode.c.h; path = "NSData+CommonCrypto.h"; sourceTree = "<group>"; };
		2BA20DFB1ED2B41900205FCA /* NSData+CommonCrypto.m */ = {isa = PBXFileReference; fileEncoding = 4; lastKnownFileType = sourcecode.c.objc; path = "NSData+CommonCrypto.m"; sourceTree = "<group>"; };
		2BA20DFC1ED2B41900205FCA /* NSString+Base64.h */ = {isa = PBXFileReference; fileEncoding = 4; lastKnownFileType = sourcecode.c.h; path = "NSString+Base64.h"; sourceTree = "<group>"; };
		2BA20DFD1ED2B41900205FCA /* NSString+Base64.m */ = {isa = PBXFileReference; fileEncoding = 4; lastKnownFileType = sourcecode.c.objc; path = "NSString+Base64.m"; sourceTree = "<group>"; };
		2BDF203B1ED558CE0078952D /* YoutubeListViewController.h */ = {isa = PBXFileReference; fileEncoding = 4; lastKnownFileType = sourcecode.c.h; path = YoutubeListViewController.h; sourceTree = "<group>"; };
		2BDF203C1ED558CE0078952D /* YoutubeListViewController.m */ = {isa = PBXFileReference; fileEncoding = 4; lastKnownFileType = sourcecode.c.objc; path = YoutubeListViewController.m; sourceTree = "<group>"; };
		2BDF203D1ED558CE0078952D /* YoutubeListViewController.xib */ = {isa = PBXFileReference; fileEncoding = 4; lastKnownFileType = file.xib; path = YoutubeListViewController.xib; sourceTree = "<group>"; };
		2BDF20401ED562870078952D /* YoutubeViewController.h */ = {isa = PBXFileReference; fileEncoding = 4; lastKnownFileType = sourcecode.c.h; path = YoutubeViewController.h; sourceTree = "<group>"; };
		2BDF20411ED562870078952D /* YoutubeViewController.m */ = {isa = PBXFileReference; fileEncoding = 4; lastKnownFileType = sourcecode.c.objc; path = YoutubeViewController.m; sourceTree = "<group>"; };
		2BDF20421ED562870078952D /* YoutubeViewController.xib */ = {isa = PBXFileReference; fileEncoding = 4; lastKnownFileType = file.xib; path = YoutubeViewController.xib; sourceTree = "<group>"; };
		2BDF20451ED586040078952D /* icons8-circled_play_filled@2x.png */ = {isa = PBXFileReference; lastKnownFileType = image.png; path = "icons8-circled_play_filled@2x.png"; sourceTree = "<group>"; };
		2BDF20471ED5860A0078952D /* icons8-circled_play_filled@3x.png */ = {isa = PBXFileReference; lastKnownFileType = image.png; path = "icons8-circled_play_filled@3x.png"; sourceTree = "<group>"; };
		2BE492F71ED2881A0063B884 /* RootViewController.h */ = {isa = PBXFileReference; fileEncoding = 4; lastKnownFileType = sourcecode.c.h; path = RootViewController.h; sourceTree = "<group>"; };
		2BE492F81ED2881A0063B884 /* RootViewController.m */ = {isa = PBXFileReference; fileEncoding = 4; lastKnownFileType = sourcecode.c.objc; path = RootViewController.m; sourceTree = "<group>"; };
		2BE492FA1ED2882E0063B884 /* BaseViewController.h */ = {isa = PBXFileReference; fileEncoding = 4; lastKnownFileType = sourcecode.c.h; path = BaseViewController.h; sourceTree = "<group>"; };
		2BE492FB1ED2882E0063B884 /* BaseViewController.m */ = {isa = PBXFileReference; fileEncoding = 4; lastKnownFileType = sourcecode.c.objc; path = BaseViewController.m; sourceTree = "<group>"; };
		2C9A13671B4EE60CB1C7A23B /* Pods_StarCraftTV.framework */ = {isa = PBXFileReference; explicitFileType = wrapper.framework; includeInIndex = 0; path = Pods_StarCraftTV.framework; sourceTree = BUILT_PRODUCTS_DIR; };
		3E04D4E6637C9DA116AA7899 /* Pods-StarCraftTV.debug.xcconfig */ = {isa = PBXFileReference; includeInIndex = 1; lastKnownFileType = text.xcconfig; name = "Pods-StarCraftTV.debug.xcconfig"; path = "Pods/Target Support Files/Pods-StarCraftTV/Pods-StarCraftTV.debug.xcconfig"; sourceTree = "<group>"; };
		F9AD7CCBBC50E9E293323C5C /* Pods-StarCraftTV.release.xcconfig */ = {isa = PBXFileReference; includeInIndex = 1; lastKnownFileType = text.xcconfig; name = "Pods-StarCraftTV.release.xcconfig"; path = "Pods/Target Support Files/Pods-StarCraftTV/Pods-StarCraftTV.release.xcconfig"; sourceTree = "<group>"; };
/* End PBXFileReference section */

/* Begin PBXFrameworksBuildPhase section */
		2B540C2D1ED272A2000A9879 /* Frameworks */ = {
			isa = PBXFrameworksBuildPhase;
			buildActionMask = 2147483647;
			files = (
				D76AABA4BDEE5893AC881868 /* Pods_StarCraftTV.framework in Frameworks */,
			);
			runOnlyForDeploymentPostprocessing = 0;
		};
/* End PBXFrameworksBuildPhase section */

/* Begin PBXGroup section */
		2B0D3BBE1ED53F33008FFC17 /* icons@2x */ = {
			isa = PBXGroup;
			children = (
				2BDF20451ED586040078952D /* icons8-circled_play_filled@2x.png */,
				2B0D3BBF1ED53F33008FFC17 /* icons8-info@2x.png */,
				2B0D3BC01ED53F33008FFC17 /* icons8-menu@2x.png */,
				2B0D3BC11ED53F33008FFC17 /* icons8-search@2x.png */,
				2B0D3BC21ED53F33008FFC17 /* icons8-settings@2x.png */,
				2B0D3BC31ED53F33008FFC17 /* icons8-settings_filled@2x.png */,
			);
			path = "icons@2x";
			sourceTree = "<group>";
		};
		2B0D3BC41ED53F33008FFC17 /* icons@3x */ = {
			isa = PBXGroup;
			children = (
				2BDF20471ED5860A0078952D /* icons8-circled_play_filled@3x.png */,
				2B0D3BC51ED53F33008FFC17 /* icons8-info@3x.png */,
				2B0D3BC61ED53F33008FFC17 /* icons8-menu@3x.png */,
				2B0D3BC71ED53F33008FFC17 /* icons8-search@3x.png */,
				2B0D3BC81ED53F33008FFC17 /* icons8-settings@3x.png */,
				2B0D3BC91ED53F33008FFC17 /* icons8-settings_filled@3x.png */,
			);
			path = "icons@3x";
			sourceTree = "<group>";
		};
		2B43CEAC1ED2AD4000398AB5 /* Library */ = {
			isa = PBXGroup;
			children = (
				2BA20DBF1ED2B41900205FCA /* Addition */,
				2BA20DF21ED2B41900205FCA /* Core */,
				2BA20DF51ED2B41900205FCA /* Crypto */,
			);
			path = Library;
			sourceTree = "<group>";
		};
		2B540C271ED272A2000A9879 = {
			isa = PBXGroup;
			children = (
				2B540C321ED272A2000A9879 /* StarCraftTV */,
				2B540C311ED272A2000A9879 /* Products */,
				C97539A7DCE8C15FEC169048 /* Pods */,
				822E1593D4E8929BDA1703C2 /* Frameworks */,
			);
			sourceTree = "<group>";
		};
		2B540C311ED272A2000A9879 /* Products */ = {
			isa = PBXGroup;
			children = (
				2B540C301ED272A2000A9879 /* StarCraftTV.app */,
			);
			name = Products;
			sourceTree = "<group>";
		};
		2B540C321ED272A2000A9879 /* StarCraftTV */ = {
			isa = PBXGroup;
			children = (
				2BE492F51ED287E60063B884 /* Classes */,
				2BA20DBB1ED2B3AB00205FCA /* Manager */,
				2B43CEAC1ED2AD4000398AB5 /* Library */,
				2B540C361ED272A2000A9879 /* AppDelegate.h */,
				2B540C371ED272A2000A9879 /* AppDelegate.m */,
				2B540C3C1ED272A2000A9879 /* Main.storyboard */,
				2B540C3F1ED272A2000A9879 /* Assets.xcassets */,
				2B540C411ED272A2000A9879 /* LaunchScreen.storyboard */,
				2B7BB3B51ED3D7CE00913D5C /* GoogleService-Info.plist */,
				2B540C441ED272A2000A9879 /* Info.plist */,
				2BE492F61ED287F60063B884 /* Resource */,
				2B540C331ED272A2000A9879 /* Supporting Files */,
			);
			path = StarCraftTV;
			sourceTree = "<group>";
		};
		2B540C331ED272A2000A9879 /* Supporting Files */ = {
			isa = PBXGroup;
			children = (
				2B540C341ED272A2000A9879 /* main.m */,
			);
			name = "Supporting Files";
			sourceTree = "<group>";
		};
		2B6029951ED421690011EA01 /* CollectionViewCell */ = {
			isa = PBXGroup;
			children = (
				2B7BB3B71ED3DC1000913D5C /* CollectionViewCell.h */,
				2B7BB3B81ED3DC1000913D5C /* CollectionViewCell.m */,
				2B7BB3B91ED3DC1000913D5C /* CollectionViewCell.xib */,
			);
			name = CollectionViewCell;
			sourceTree = "<group>";
		};
		2BA20DBB1ED2B3AB00205FCA /* Manager */ = {
			isa = PBXGroup;
			children = (
				2BA20DBC1ED2B3AB00205FCA /* GAManager.h */,
				2BA20DBD1ED2B3AB00205FCA /* GAManager.m */,
			);
			path = Manager;
			sourceTree = "<group>";
		};
		2BA20DBF1ED2B41900205FCA /* Addition */ = {
			isa = PBXGroup;
			children = (
				2BA20DC01ED2B41900205FCA /* Object */,
				2BA20DD71ED2B41900205FCA /* TF_Additions.h */,
				2BA20DD81ED2B41900205FCA /* View */,
			);
			path = Addition;
			sourceTree = "<group>";
		};
		2BA20DC01ED2B41900205FCA /* Object */ = {
			isa = PBXGroup;
			children = (
				2BA20DC11ED2B41900205FCA /* NSArray+Additions.h */,
				2BA20DC21ED2B41900205FCA /* NSArray+Additions.m */,
				2BA20DC31ED2B41900205FCA /* NSDate+Additions.h */,
				2BA20DC41ED2B41900205FCA /* NSDate+Additions.m */,
				2BA20DC51ED2B41900205FCA /* NSDictionary+Additions.h */,
				2BA20DC61ED2B41900205FCA /* NSDictionary+Additions.m */,
				2BA20DC71ED2B41900205FCA /* NSMutableArray+Additions.h */,
				2BA20DC81ED2B41900205FCA /* NSMutableArray+Additions.m */,
				2BA20DC91ED2B41900205FCA /* NSMutableDictionary+Additions.h */,
				2BA20DCA1ED2B41900205FCA /* NSMutableDictionary+Additions.m */,
				2BA20DCB1ED2B41900205FCA /* NSNumber+Additions.h */,
				2BA20DCC1ED2B41900205FCA /* NSNumber+Additions.m */,
				2BA20DCD1ED2B41900205FCA /* NSObject+Additions.h */,
				2BA20DCE1ED2B41900205FCA /* NSObject+Additions.m */,
				2BA20DCF1ED2B41900205FCA /* NSString+Additions.h */,
				2BA20DD01ED2B41900205FCA /* NSString+Additions.m */,
				2BA20DD11ED2B41900205FCA /* UIAlertView+Additions.h */,
				2BA20DD21ED2B41900205FCA /* UIAlertView+Additions.m */,
				2BA20DD31ED2B41900205FCA /* UIApplication+Additions.h */,
				2BA20DD41ED2B41900205FCA /* UIApplication+Additions.m */,
				2BA20DD51ED2B41900205FCA /* UIColor+Additions.h */,
				2BA20DD61ED2B41900205FCA /* UIColor+Additions.m */,
			);
			path = Object;
			sourceTree = "<group>";
		};
		2BA20DD81ED2B41900205FCA /* View */ = {
			isa = PBXGroup;
			children = (
				2BA20DD91ED2B41900205FCA /* UIButton+Additions.h */,
				2BA20DDA1ED2B41900205FCA /* UIButton+Additions.m */,
				2BA20DDB1ED2B41900205FCA /* UIButton+Animation.h */,
				2BA20DDC1ED2B41900205FCA /* UIButton+Animation.m */,
				2BA20DDD1ED2B41900205FCA /* UIImageView+Additions.h */,
				2BA20DDE1ED2B41900205FCA /* UIImageView+Additions.m */,
				2BA20DDF1ED2B41900205FCA /* UIScreen+Additions.h */,
				2BA20DE01ED2B41900205FCA /* UIScreen+Additions.m */,
				2BA20DE11ED2B41900205FCA /* UIScrollView+Additions.h */,
				2BA20DE21ED2B41900205FCA /* UIScrollView+Additions.m */,
				2BA20DE31ED2B41900205FCA /* UIView+Additions.h */,
				2BA20DE41ED2B41900205FCA /* UIView+Additions.m */,
				2BA20DE51ED2B41900205FCA /* UIView+Animations.h */,
				2BA20DE61ED2B41900205FCA /* UIView+Animations.m */,
			);
			path = View;
			sourceTree = "<group>";
		};
		2BA20DF21ED2B41900205FCA /* Core */ = {
			isa = PBXGroup;
			children = (
				2BA20DF31ED2B41900205FCA /* TF_Core.h */,
				2BA20DF41ED2B41900205FCA /* TF_Singleton.h */,
			);
			path = Core;
			sourceTree = "<group>";
		};
		2BA20DF51ED2B41900205FCA /* Crypto */ = {
			isa = PBXGroup;
			children = (
				2BA20DF61ED2B41900205FCA /* AESCrypt.h */,
				2BA20DF71ED2B41900205FCA /* AESCrypt.m */,
				2BA20DF81ED2B41900205FCA /* NSData+Base64.h */,
				2BA20DF91ED2B41900205FCA /* NSData+Base64.m */,
				2BA20DFA1ED2B41900205FCA /* NSData+CommonCrypto.h */,
				2BA20DFB1ED2B41900205FCA /* NSData+CommonCrypto.m */,
				2BA20DFC1ED2B41900205FCA /* NSString+Base64.h */,
				2BA20DFD1ED2B41900205FCA /* NSString+Base64.m */,
			);
			path = Crypto;
			sourceTree = "<group>";
		};
		2BE492F51ED287E60063B884 /* Classes */ = {
			isa = PBXGroup;
			children = (
				2B6029951ED421690011EA01 /* CollectionViewCell */,
				2BE492FA1ED2882E0063B884 /* BaseViewController.h */,
				2BE492FB1ED2882E0063B884 /* BaseViewController.m */,
				2BE492F71ED2881A0063B884 /* RootViewController.h */,
				2BE492F81ED2881A0063B884 /* RootViewController.m */,
				2B0D3BD41ED544BC008FFC17 /* SettingViewController.h */,
				2B0D3BD51ED544BD008FFC17 /* SettingViewController.m */,
				2B0D3BD61ED544BD008FFC17 /* SettingViewController.xib */,
				2B0D3BD91ED544E6008FFC17 /* CategoryListViewController.h */,
				2B0D3BDA1ED544E6008FFC17 /* CategoryListViewController.m */,
				2B0D3BDB1ED544E6008FFC17 /* CategoryListViewController.xib */,
				2BDF203B1ED558CE0078952D /* YoutubeListViewController.h */,
				2BDF203C1ED558CE0078952D /* YoutubeListViewController.m */,
				2BDF203D1ED558CE0078952D /* YoutubeListViewController.xib */,
				2BDF20401ED562870078952D /* YoutubeViewController.h */,
				2BDF20411ED562870078952D /* YoutubeViewController.m */,
				2BDF20421ED562870078952D /* YoutubeViewController.xib */,
			);
			path = Classes;
			sourceTree = "<group>";
		};
		2BE492F61ED287F60063B884 /* Resource */ = {
			isa = PBXGroup;
			children = (
				2B0D3BBE1ED53F33008FFC17 /* icons@2x */,
				2B0D3BC41ED53F33008FFC17 /* icons@3x */,
			);
			path = Resource;
			sourceTree = "<group>";
		};
		822E1593D4E8929BDA1703C2 /* Frameworks */ = {
			isa = PBXGroup;
			children = (
				2C9A13671B4EE60CB1C7A23B /* Pods_StarCraftTV.framework */,
			);
			name = Frameworks;
			sourceTree = "<group>";
		};
		C97539A7DCE8C15FEC169048 /* Pods */ = {
			isa = PBXGroup;
			children = (
				3E04D4E6637C9DA116AA7899 /* Pods-StarCraftTV.debug.xcconfig */,
				F9AD7CCBBC50E9E293323C5C /* Pods-StarCraftTV.release.xcconfig */,
			);
			name = Pods;
			sourceTree = "<group>";
		};
/* End PBXGroup section */

/* Begin PBXNativeTarget section */
		2B540C2F1ED272A2000A9879 /* StarCraftTV */ = {
			isa = PBXNativeTarget;
			buildConfigurationList = 2B540C471ED272A2000A9879 /* Build configuration list for PBXNativeTarget "StarCraftTV" */;
			buildPhases = (
				FAAC4FE9F5D0A6307C820018 /* [CP] Check Pods Manifest.lock */,
				2B540C2C1ED272A2000A9879 /* Sources */,
				2B540C2D1ED272A2000A9879 /* Frameworks */,
				2B540C2E1ED272A2000A9879 /* Resources */,
				05C36C25D32382E6471310EC /* [CP] Embed Pods Frameworks */,
				981A044CB5845C378173932F /* [CP] Copy Pods Resources */,
				2B43CEBA1ED2AE4700398AB5 /* ShellScript */,
			);
			buildRules = (
			);
			dependencies = (
			);
			name = StarCraftTV;
			productName = StarCraftTV;
			productReference = 2B540C301ED272A2000A9879 /* StarCraftTV.app */;
			productType = "com.apple.product-type.application";
		};
/* End PBXNativeTarget section */

/* Begin PBXProject section */
		2B540C281ED272A2000A9879 /* Project object */ = {
			isa = PBXProject;
			attributes = {
				LastUpgradeCheck = 0830;
				ORGANIZATIONNAME = HYKo;
				TargetAttributes = {
					2B540C2F1ED272A2000A9879 = {
						CreatedOnToolsVersion = 8.3.2;
						DevelopmentTeam = T8T47CW9W7;
						ProvisioningStyle = Automatic;
					};
				};
			};
			buildConfigurationList = 2B540C2B1ED272A2000A9879 /* Build configuration list for PBXProject "StarCraftTV" */;
			compatibilityVersion = "Xcode 3.2";
			developmentRegion = English;
			hasScannedForEncodings = 0;
			knownRegions = (
				en,
				Base,
			);
			mainGroup = 2B540C271ED272A2000A9879;
			productRefGroup = 2B540C311ED272A2000A9879 /* Products */;
			projectDirPath = "";
			projectRoot = "";
			targets = (
				2B540C2F1ED272A2000A9879 /* StarCraftTV */,
			);
		};
/* End PBXProject section */

/* Begin PBXResourcesBuildPhase section */
		2B540C2E1ED272A2000A9879 /* Resources */ = {
			isa = PBXResourcesBuildPhase;
			buildActionMask = 2147483647;
			files = (
				2BDF203F1ED558CE0078952D /* YoutubeListViewController.xib in Resources */,
				2B0D3BCF1ED53F33008FFC17 /* icons8-info@3x.png in Resources */,
				2B0D3BCC1ED53F33008FFC17 /* icons8-search@2x.png in Resources */,
				2B0D3BD01ED53F33008FFC17 /* icons8-menu@3x.png in Resources */,
				2B0D3BDD1ED544E6008FFC17 /* CategoryListViewController.xib in Resources */,
				2B0D3BCB1ED53F33008FFC17 /* icons8-menu@2x.png in Resources */,
				2B0D3BCA1ED53F33008FFC17 /* icons8-info@2x.png in Resources */,
				2B540C431ED272A2000A9879 /* LaunchScreen.storyboard in Resources */,
				2B0D3BCD1ED53F33008FFC17 /* icons8-settings@2x.png in Resources */,
				2B0D3BD81ED544BD008FFC17 /* SettingViewController.xib in Resources */,
				2B0D3BCE1ED53F33008FFC17 /* icons8-settings_filled@2x.png in Resources */,
				2BDF20481ED5860A0078952D /* icons8-circled_play_filled@3x.png in Resources */,
				2BDF20461ED586040078952D /* icons8-circled_play_filled@2x.png in Resources */,
				2B0D3BD21ED53F33008FFC17 /* icons8-settings@3x.png in Resources */,
				2B7BB3B61ED3D7CE00913D5C /* GoogleService-Info.plist in Resources */,
				2B0D3BD31ED53F33008FFC17 /* icons8-settings_filled@3x.png in Resources */,
				2BDF20441ED562870078952D /* YoutubeViewController.xib in Resources */,
				2B540C401ED272A2000A9879 /* Assets.xcassets in Resources */,
				2B0D3BD11ED53F33008FFC17 /* icons8-search@3x.png in Resources */,
				2B540C3E1ED272A2000A9879 /* Main.storyboard in Resources */,
				2B7BB3BB1ED3DC1000913D5C /* CollectionViewCell.xib in Resources */,
			);
			runOnlyForDeploymentPostprocessing = 0;
		};
/* End PBXResourcesBuildPhase section */

/* Begin PBXShellScriptBuildPhase section */
		05C36C25D32382E6471310EC /* [CP] Embed Pods Frameworks */ = {
			isa = PBXShellScriptBuildPhase;
			buildActionMask = 2147483647;
			files = (
			);
			inputPaths = (
			);
			name = "[CP] Embed Pods Frameworks";
			outputPaths = (
			);
			runOnlyForDeploymentPostprocessing = 0;
			shellPath = /bin/sh;
			shellScript = "\"${SRCROOT}/Pods/Target Support Files/Pods-StarCraftTV/Pods-StarCraftTV-frameworks.sh\"\n";
			showEnvVarsInLog = 0;
		};
		2B43CEBA1ED2AE4700398AB5 /* ShellScript */ = {
			isa = PBXShellScriptBuildPhase;
			buildActionMask = 2147483647;
			files = (
			);
			inputPaths = (
			);
			outputPaths = (
			);
			runOnlyForDeploymentPostprocessing = 0;
			shellPath = /bin/sh;
			shellScript = "./Fabric.framework/run aae3f88b790b6d16353e96c54f74e016a2baae6b bf989de4b91fac66f4c2971b7b69b45727b5933044012c24fdc6994650e27b68";
		};
		981A044CB5845C378173932F /* [CP] Copy Pods Resources */ = {
			isa = PBXShellScriptBuildPhase;
			buildActionMask = 2147483647;
			files = (
			);
			inputPaths = (
			);
			name = "[CP] Copy Pods Resources";
			outputPaths = (
			);
			runOnlyForDeploymentPostprocessing = 0;
			shellPath = /bin/sh;
			shellScript = "\"${SRCROOT}/Pods/Target Support Files/Pods-StarCraftTV/Pods-StarCraftTV-resources.sh\"\n";
			showEnvVarsInLog = 0;
		};
		FAAC4FE9F5D0A6307C820018 /* [CP] Check Pods Manifest.lock */ = {
			isa = PBXShellScriptBuildPhase;
			buildActionMask = 2147483647;
			files = (
			);
			inputPaths = (
			);
			name = "[CP] Check Pods Manifest.lock";
			outputPaths = (
			);
			runOnlyForDeploymentPostprocessing = 0;
			shellPath = /bin/sh;
			shellScript = "diff \"${PODS_PODFILE_DIR_PATH}/Podfile.lock\" \"${PODS_ROOT}/Manifest.lock\" > /dev/null\nif [ $? != 0 ] ; then\n    # print error to STDERR\n    echo \"error: The sandbox is not in sync with the Podfile.lock. Run 'pod install' or update your CocoaPods installation.\" >&2\n    exit 1\nfi\n";
			showEnvVarsInLog = 0;
		};
/* End PBXShellScriptBuildPhase section */

/* Begin PBXSourcesBuildPhase section */
		2B540C2C1ED272A2000A9879 /* Sources */ = {
			isa = PBXSourcesBuildPhase;
			buildActionMask = 2147483647;
			files = (
				2B540C381ED272A2000A9879 /* AppDelegate.m in Sources */,
				2BA20E111ED2B41900205FCA /* UIAlertView+Additions.m in Sources */,
				2BE492FC1ED2882E0063B884 /* BaseViewController.m in Sources */,
				2BA20E171ED2B41900205FCA /* UIScreen+Additions.m in Sources */,
				2B540C351ED272A2000A9879 /* main.m in Sources */,
				2BA20E151ED2B41900205FCA /* UIButton+Animation.m in Sources */,
				2BA20E1A1ED2B41900205FCA /* UIView+Animations.m in Sources */,
				2B0D3BD71ED544BD008FFC17 /* SettingViewController.m in Sources */,
				2BA20E161ED2B41900205FCA /* UIImageView+Additions.m in Sources */,
				2BA20DBE1ED2B3AB00205FCA /* GAManager.m in Sources */,
				2BA20E131ED2B41900205FCA /* UIColor+Additions.m in Sources */,
				2BA20E0B1ED2B41900205FCA /* NSDictionary+Additions.m in Sources */,
				2BA20E221ED2B41900205FCA /* NSData+CommonCrypto.m in Sources */,
				2BA20E191ED2B41900205FCA /* UIView+Additions.m in Sources */,
				2BA20E201ED2B41900205FCA /* AESCrypt.m in Sources */,
				2BA20E0E1ED2B41900205FCA /* NSNumber+Additions.m in Sources */,
				2BA20E211ED2B41900205FCA /* NSData+Base64.m in Sources */,
				2BA20E0A1ED2B41900205FCA /* NSDate+Additions.m in Sources */,
				2B0D3BDC1ED544E6008FFC17 /* CategoryListViewController.m in Sources */,
				2BA20E231ED2B41900205FCA /* NSString+Base64.m in Sources */,
				2BA20E141ED2B41900205FCA /* UIButton+Additions.m in Sources */,
				2BA20E181ED2B41900205FCA /* UIScrollView+Additions.m in Sources */,
				2BDF203E1ED558CE0078952D /* YoutubeListViewController.m in Sources */,
				2BA20E101ED2B41900205FCA /* NSString+Additions.m in Sources */,
				2BA20E091ED2B41900205FCA /* NSArray+Additions.m in Sources */,
				2BE492F91ED2881A0063B884 /* RootViewController.m in Sources */,
				2BA20E0F1ED2B41900205FCA /* NSObject+Additions.m in Sources */,
				2BA20E0C1ED2B41900205FCA /* NSMutableArray+Additions.m in Sources */,
				2BA20E0D1ED2B41900205FCA /* NSMutableDictionary+Additions.m in Sources */,
				2B7BB3BA1ED3DC1000913D5C /* CollectionViewCell.m in Sources */,
				2BDF20431ED562870078952D /* YoutubeViewController.m in Sources */,
				2BA20E121ED2B41900205FCA /* UIApplication+Additions.m in Sources */,
			);
			runOnlyForDeploymentPostprocessing = 0;
		};
/* End PBXSourcesBuildPhase section */

/* Begin PBXVariantGroup section */
		2B540C3C1ED272A2000A9879 /* Main.storyboard */ = {
			isa = PBXVariantGroup;
			children = (
				2B540C3D1ED272A2000A9879 /* Base */,
			);
			name = Main.storyboard;
			sourceTree = "<group>";
		};
		2B540C411ED272A2000A9879 /* LaunchScreen.storyboard */ = {
			isa = PBXVariantGroup;
			children = (
				2B540C421ED272A2000A9879 /* Base */,
			);
			name = LaunchScreen.storyboard;
			sourceTree = "<group>";
		};
/* End PBXVariantGroup section */

/* Begin XCBuildConfiguration section */
		2B540C451ED272A2000A9879 /* Debug */ = {
			isa = XCBuildConfiguration;
			buildSettings = {
				ALWAYS_SEARCH_USER_PATHS = NO;
				CLANG_ANALYZER_NONNULL = YES;
				CLANG_ANALYZER_NUMBER_OBJECT_CONVERSION = YES_AGGRESSIVE;
				CLANG_CXX_LANGUAGE_STANDARD = "gnu++0x";
				CLANG_CXX_LIBRARY = "libc++";
				CLANG_ENABLE_MODULES = YES;
				CLANG_ENABLE_OBJC_ARC = YES;
				CLANG_WARN_BOOL_CONVERSION = YES;
				CLANG_WARN_CONSTANT_CONVERSION = YES;
				CLANG_WARN_DIRECT_OBJC_ISA_USAGE = YES_ERROR;
				CLANG_WARN_DOCUMENTATION_COMMENTS = YES;
				CLANG_WARN_EMPTY_BODY = YES;
				CLANG_WARN_ENUM_CONVERSION = YES;
				CLANG_WARN_INFINITE_RECURSION = YES;
				CLANG_WARN_INT_CONVERSION = YES;
				CLANG_WARN_OBJC_ROOT_CLASS = YES_ERROR;
				CLANG_WARN_SUSPICIOUS_MOVE = YES;
				CLANG_WARN_UNREACHABLE_CODE = YES;
				CLANG_WARN__DUPLICATE_METHOD_MATCH = YES;
				"CODE_SIGN_IDENTITY[sdk=iphoneos*]" = "iPhone Developer";
				COPY_PHASE_STRIP = NO;
				DEBUG_INFORMATION_FORMAT = dwarf;
				ENABLE_STRICT_OBJC_MSGSEND = YES;
				ENABLE_TESTABILITY = YES;
				GCC_C_LANGUAGE_STANDARD = gnu99;
				GCC_DYNAMIC_NO_PIC = NO;
				GCC_NO_COMMON_BLOCKS = YES;
				GCC_OPTIMIZATION_LEVEL = 0;
				GCC_PREPROCESSOR_DEFINITIONS = (
					"DEBUG=1",
					"$(inherited)",
				);
				GCC_WARN_64_TO_32_BIT_CONVERSION = YES;
				GCC_WARN_ABOUT_RETURN_TYPE = YES_ERROR;
				GCC_WARN_UNDECLARED_SELECTOR = YES;
				GCC_WARN_UNINITIALIZED_AUTOS = YES_AGGRESSIVE;
				GCC_WARN_UNUSED_FUNCTION = YES;
				GCC_WARN_UNUSED_VARIABLE = YES;
				IPHONEOS_DEPLOYMENT_TARGET = 8.0;
				MTL_ENABLE_DEBUG_INFO = YES;
				ONLY_ACTIVE_ARCH = YES;
				SDKROOT = iphoneos;
				VALID_ARCHS = "arm64 armv7 armv7s";
			};
			name = Debug;
		};
		2B540C461ED272A2000A9879 /* Release */ = {
			isa = XCBuildConfiguration;
			buildSettings = {
				ALWAYS_SEARCH_USER_PATHS = NO;
				CLANG_ANALYZER_NONNULL = YES;
				CLANG_ANALYZER_NUMBER_OBJECT_CONVERSION = YES_AGGRESSIVE;
				CLANG_CXX_LANGUAGE_STANDARD = "gnu++0x";
				CLANG_CXX_LIBRARY = "libc++";
				CLANG_ENABLE_MODULES = YES;
				CLANG_ENABLE_OBJC_ARC = YES;
				CLANG_WARN_BOOL_CONVERSION = YES;
				CLANG_WARN_CONSTANT_CONVERSION = YES;
				CLANG_WARN_DIRECT_OBJC_ISA_USAGE = YES_ERROR;
				CLANG_WARN_DOCUMENTATION_COMMENTS = YES;
				CLANG_WARN_EMPTY_BODY = YES;
				CLANG_WARN_ENUM_CONVERSION = YES;
				CLANG_WARN_INFINITE_RECURSION = YES;
				CLANG_WARN_INT_CONVERSION = YES;
				CLANG_WARN_OBJC_ROOT_CLASS = YES_ERROR;
				CLANG_WARN_SUSPICIOUS_MOVE = YES;
				CLANG_WARN_UNREACHABLE_CODE = YES;
				CLANG_WARN__DUPLICATE_METHOD_MATCH = YES;
				"CODE_SIGN_IDENTITY[sdk=iphoneos*]" = "iPhone Developer";
				COPY_PHASE_STRIP = NO;
				DEBUG_INFORMATION_FORMAT = "dwarf-with-dsym";
				ENABLE_NS_ASSERTIONS = NO;
				ENABLE_STRICT_OBJC_MSGSEND = YES;
				GCC_C_LANGUAGE_STANDARD = gnu99;
				GCC_NO_COMMON_BLOCKS = YES;
				GCC_WARN_64_TO_32_BIT_CONVERSION = YES;
				GCC_WARN_ABOUT_RETURN_TYPE = YES_ERROR;
				GCC_WARN_UNDECLARED_SELECTOR = YES;
				GCC_WARN_UNINITIALIZED_AUTOS = YES_AGGRESSIVE;
				GCC_WARN_UNUSED_FUNCTION = YES;
				GCC_WARN_UNUSED_VARIABLE = YES;
				IPHONEOS_DEPLOYMENT_TARGET = 8.0;
				MTL_ENABLE_DEBUG_INFO = NO;
				SDKROOT = iphoneos;
				VALIDATE_PRODUCT = YES;
				VALID_ARCHS = "arm64 armv7 armv7s";
			};
			name = Release;
		};
		2B540C481ED272A2000A9879 /* Debug */ = {
			isa = XCBuildConfiguration;
			baseConfigurationReference = 3E04D4E6637C9DA116AA7899 /* Pods-StarCraftTV.debug.xcconfig */;
			buildSettings = {
				ASSETCATALOG_COMPILER_APPICON_NAME = AppIcon;
				DEBUG_INFORMATION_FORMAT = "dwarf-with-dsym";
				DEVELOPMENT_TEAM = T8T47CW9W7;
				INFOPLIST_FILE = StarCraftTV/Info.plist;
				LD_RUNPATH_SEARCH_PATHS = "$(inherited) @executable_path/Frameworks";
				LIBRARY_SEARCH_PATHS = (
					"$(inherited)",
					"$(PROJECT_DIR)/StarCraftTV/Library/GoogleAnalytics",
				);
				PRODUCT_BUNDLE_IDENTIFIER = com.porjectx.StarCraftTV;
				PRODUCT_NAME = "$(TARGET_NAME)";
			};
			name = Debug;
		};
		2B540C491ED272A2000A9879 /* Release */ = {
			isa = XCBuildConfiguration;
			baseConfigurationReference = F9AD7CCBBC50E9E293323C5C /* Pods-StarCraftTV.release.xcconfig */;
			buildSettings = {
				ASSETCATALOG_COMPILER_APPICON_NAME = AppIcon;
				DEVELOPMENT_TEAM = T8T47CW9W7;
				INFOPLIST_FILE = StarCraftTV/Info.plist;
				LD_RUNPATH_SEARCH_PATHS = "$(inherited) @executable_path/Frameworks";
				LIBRARY_SEARCH_PATHS = (
					"$(inherited)",
					"$(PROJECT_DIR)/StarCraftTV/Library/GoogleAnalytics",
				);
				PRODUCT_BUNDLE_IDENTIFIER = com.porjectx.StarCraftTV;
				PRODUCT_NAME = "$(TARGET_NAME)";
			};
			name = Release;
		};
/* End XCBuildConfiguration section */

/* Begin XCConfigurationList section */
		2B540C2B1ED272A2000A9879 /* Build configuration list for PBXProject "StarCraftTV" */ = {
			isa = XCConfigurationList;
			buildConfigurations = (
				2B540C451ED272A2000A9879 /* Debug */,
				2B540C461ED272A2000A9879 /* Release */,
			);
			defaultConfigurationIsVisible = 0;
			defaultConfigurationName = Release;
		};
		2B540C471ED272A2000A9879 /* Build configuration list for PBXNativeTarget "StarCraftTV" */ = {
			isa = XCConfigurationList;
			buildConfigurations = (
				2B540C481ED272A2000A9879 /* Debug */,
				2B540C491ED272A2000A9879 /* Release */,
			);
			defaultConfigurationIsVisible = 0;
			defaultConfigurationName = Release;
		};
/* End XCConfigurationList section */
	};
	rootObject = 2B540C281ED272A2000A9879 /* Project object */;
}
